PODS:
  - Alamofire (5.0.0-beta.2)
  - DropDown (2.3.12)
  - Floaty (4.1.0)
  - IQKeyboardManagerSwift (6.2.0)
  - SMSegmentView (1.3.1)
  - "UITextView+Placeholder (1.2.1)"

DEPENDENCIES:
  - Alamofire (~> 5.0.0.beta.1)
  - DropDown
  - Floaty (~> 4.1.0)
  - IQKeyboardManagerSwift
  - SMSegmentView
  - "UITextView+Placeholder"

SPEC REPOS:
  https://github.com/cocoapods/specs.git:
    - Alamofire
    - DropDown
    - Floaty
    - IQKeyboardManagerSwift
    - SMSegmentView
    - "UITextView+Placeholder"

SPEC CHECKSUMS:
  Alamofire: d1e5493588babe3e7b56ae29e8032942f4de09fe
  DropDown: 0bcc278799ec11a3d34ce1aac9367fbbaf5423d9
  Floaty: 1a4e213f3512cf3045ef9cb0c1ff456226d1f66a
  IQKeyboardManagerSwift: b07ccf9d8cafe993dcd6cb794eb4ba34611a0c4e
  SMSegmentView: 3c3aa59206a67a7c8a9e05593f84aa875eddeeba
  "UITextView+Placeholder": 0c3efd97f37ea64bde7f34cc6e90fe02e87b3909

PODFILE CHECKSUM: 48547859a581e86b8d40177bf79927e40a54b500

COCOAPODS: 1.5.3
