// !$*UTF8*$!
{
	archiveVersion = 1;
	classes = {
	};
	objectVersion = 50;
	objects = {

/* Begin PBXBuildFile section */
		31D0B63AC8888C13D956D8B9 /* Pods_team2zUITests.framework in Frameworks */ = {isa = PBXBuildFile; fileRef = DF3E6B8BB15948E54AB8058D /* Pods_team2zUITests.framework */; };
		97AA108221F4A0F900357553 /* AppDelegate.swift in Sources */ = {isa = PBXBuildFile; fileRef = 97AA108121F4A0F900357553 /* AppDelegate.swift */; };
		97AA108C21F4A0FD00357553 /* LaunchScreen.storyboard in Resources */ = {isa = PBXBuildFile; fileRef = 97AA108A21F4A0FD00357553 /* LaunchScreen.storyboard */; };
		97AA109721F4A0FD00357553 /* team2zTests.swift in Sources */ = {isa = PBXBuildFile; fileRef = 97AA109621F4A0FD00357553 /* team2zTests.swift */; };
		97AA10A221F4A0FD00357553 /* team2zUITests.swift in Sources */ = {isa = PBXBuildFile; fileRef = 97AA10A121F4A0FD00357553 /* team2zUITests.swift */; };
		97AA10B021F4CBC400357553 /* Carthage in Resources */ = {isa = PBXBuildFile; fileRef = 97AA10AF21F4CBC400357553 /* Carthage */; };
		97AA10B321F4D21600357553 /* SnapKit.framework in Frameworks */ = {isa = PBXBuildFile; fileRef = 97AA10B221F4D21600357553 /* SnapKit.framework */; };
		97E437A92216B67F0063419A /* TestOneViewController.swift in Sources */ = {isa = PBXBuildFile; fileRef = 97E437A82216B67F0063419A /* TestOneViewController.swift */; };
		97E437AB2216B68C0063419A /* TestTwoViewController.swift in Sources */ = {isa = PBXBuildFile; fileRef = 97E437AA2216B68C0063419A /* TestTwoViewController.swift */; };
		97E437AD2216B6950063419A /* TestThreeViewController.swift in Sources */ = {isa = PBXBuildFile; fileRef = 97E437AC2216B6950063419A /* TestThreeViewController.swift */; };
		97E437AF2216C1F40063419A /* BaseViewController.swift in Sources */ = {isa = PBXBuildFile; fileRef = 97E437AE2216C1F40063419A /* BaseViewController.swift */; };
		97E437B12217255B0063419A /* TestViewController.swift in Sources */ = {isa = PBXBuildFile; fileRef = 97E437B02217255B0063419A /* TestViewController.swift */; };
		97E437B32217C7C90063419A /* BaseTabBarController.swift in Sources */ = {isa = PBXBuildFile; fileRef = 97E437B22217C7C90063419A /* BaseTabBarController.swift */; };
		97E437B52217CAE30063419A /* HomeViewController.swift in Sources */ = {isa = PBXBuildFile; fileRef = 97E437B42217CAE30063419A /* HomeViewController.swift */; };
		97E437BB2217CB170063419A /* NewFeedViewController.swift in Sources */ = {isa = PBXBuildFile; fileRef = 97E437BA2217CB170063419A /* NewFeedViewController.swift */; };
		97E437BD2217CB200063419A /* MyPageViewController.swift in Sources */ = {isa = PBXBuildFile; fileRef = 97E437BC2217CB200063419A /* MyPageViewController.swift */; };
		97E437BF2217CB9E0063419A /* MapViewController.swift in Sources */ = {isa = PBXBuildFile; fileRef = 97E437BE2217CB9E0063419A /* MapViewController.swift */; };
		97E437C32217E00E0063419A /* AddViewController.swift in Sources */ = {isa = PBXBuildFile; fileRef = 97E437C22217E00E0063419A /* AddViewController.swift */; };
		AD7478074A96C40DD655C2E7 /* Pods_team2z.framework in Frameworks */ = {isa = PBXBuildFile; fileRef = A90DE216234C44BC4B6D73E6 /* Pods_team2z.framework */; };
		B80CA2AA2225C502000B8F49 /* WriteReviewStoryboard.storyboard in Resources */ = {isa = PBXBuildFile; fileRef = B80CA2A92225C502000B8F49 /* WriteReviewStoryboard.storyboard */; };
		B80CA2B022265068000B8F49 /* WriteReview_1.swift in Sources */ = {isa = PBXBuildFile; fileRef = B80CA2AF22265068000B8F49 /* WriteReview_1.swift */; };
		B80CA2B222265074000B8F49 /* WriteReview_1.xib in Resources */ = {isa = PBXBuildFile; fileRef = B80CA2B122265074000B8F49 /* WriteReview_1.xib */; };
		B80CA2B422265622000B8F49 /* WriteReview_2.swift in Sources */ = {isa = PBXBuildFile; fileRef = B80CA2B322265622000B8F49 /* WriteReview_2.swift */; };
		B80CA2B622265630000B8F49 /* WriteReview_2.xib in Resources */ = {isa = PBXBuildFile; fileRef = B80CA2B522265630000B8F49 /* WriteReview_2.xib */; };
		B80CA2B822266D75000B8F49 /* WriteReview_3.swift in Sources */ = {isa = PBXBuildFile; fileRef = B80CA2B722266D75000B8F49 /* WriteReview_3.swift */; };
		B80CA2BA22266D86000B8F49 /* WriteReview_3.xib in Resources */ = {isa = PBXBuildFile; fileRef = B80CA2B922266D86000B8F49 /* WriteReview_3.xib */; };
		B8E11A43221819F2007FBD5E /* NewFeedGoViewController.swift in Sources */ = {isa = PBXBuildFile; fileRef = B8E11A42221819F2007FBD5E /* NewFeedGoViewController.swift */; };
		B8E11A45221A9668007FBD5E /* SearchStoreTableViewCell.swift in Sources */ = {isa = PBXBuildFile; fileRef = B8E11A44221A9668007FBD5E /* SearchStoreTableViewCell.swift */; };
		B8E11A48221BE189007FBD5E /* StoreGradeViewController.swift in Sources */ = {isa = PBXBuildFile; fileRef = B8E11A47221BE189007FBD5E /* StoreGradeViewController.swift */; };
		B8E11A4A221BE8E3007FBD5E /* ResultStoreTableViewCell.swift in Sources */ = {isa = PBXBuildFile; fileRef = B8E11A49221BE8E3007FBD5E /* ResultStoreTableViewCell.swift */; };
		C514EFFB221F03FC009876D6 /* NewUserHomeView.swift in Sources */ = {isa = PBXBuildFile; fileRef = C514EFFA221F03FC009876D6 /* NewUserHomeView.swift */; };
		C514EFFD221F0418009876D6 /* NewUserHomeView.xib in Resources */ = {isa = PBXBuildFile; fileRef = C514EFFC221F0418009876D6 /* NewUserHomeView.xib */; };
		C514F000221F18D7009876D6 /* SearchViewController.swift in Sources */ = {isa = PBXBuildFile; fileRef = C514EFFE221F18D7009876D6 /* SearchViewController.swift */; };
		C514F001221F18D7009876D6 /* SearchViewController.xib in Resources */ = {isa = PBXBuildFile; fileRef = C514EFFF221F18D7009876D6 /* SearchViewController.xib */; };
		C514F003221F2D74009876D6 /* MainView.swift in Sources */ = {isa = PBXBuildFile; fileRef = C514F002221F2D74009876D6 /* MainView.swift */; };
		C514F005221F2EF1009876D6 /* MainViewController.swift in Sources */ = {isa = PBXBuildFile; fileRef = C514F004221F2EF1009876D6 /* MainViewController.swift */; };
		C514F008221FCCA3009876D6 /* SearchTableViewCell.swift in Sources */ = {isa = PBXBuildFile; fileRef = C514F006221FCCA3009876D6 /* SearchTableViewCell.swift */; };
		C514F009221FCCA3009876D6 /* SearchTableViewCell.xib in Resources */ = {isa = PBXBuildFile; fileRef = C514F007221FCCA3009876D6 /* SearchTableViewCell.xib */; };
		C514F00E22201CEB009876D6 /* SearchResultViewController.swift in Sources */ = {isa = PBXBuildFile; fileRef = C514F00C22201CEB009876D6 /* SearchResultViewController.swift */; };
		C514F00F22201CEB009876D6 /* SearchResultViewController.xib in Resources */ = {isa = PBXBuildFile; fileRef = C514F00D22201CEB009876D6 /* SearchResultViewController.xib */; };
		C514F01122204FD0009876D6 /* ResultSearchViewController.swift in Sources */ = {isa = PBXBuildFile; fileRef = C514F01022204FD0009876D6 /* ResultSearchViewController.swift */; };
		C514F0132220501E009876D6 /* ScrollSegmented.storyboard in Resources */ = {isa = PBXBuildFile; fileRef = C514F0122220501E009876D6 /* ScrollSegmented.storyboard */; };
		C514F01522206273009876D6 /* SegmentedScroll.storyboard in Resources */ = {isa = PBXBuildFile; fileRef = C514F01422206273009876D6 /* SegmentedScroll.storyboard */; };
		C514F01822208C39009876D6 /* MySegmentControl.swift in Sources */ = {isa = PBXBuildFile; fileRef = C514F01722208C39009876D6 /* MySegmentControl.swift */; };
		C514F01B22209037009876D6 /* DiscoveryViewController.swift in Sources */ = {isa = PBXBuildFile; fileRef = C514F01922209037009876D6 /* DiscoveryViewController.swift */; };
		C514F01C22209037009876D6 /* DiscoveryViewController.xib in Resources */ = {isa = PBXBuildFile; fileRef = C514F01A22209037009876D6 /* DiscoveryViewController.xib */; };
		C514F0202220E8A6009876D6 /* RecommendDHViewController.swift in Sources */ = {isa = PBXBuildFile; fileRef = C514F01E2220E8A6009876D6 /* RecommendDHViewController.swift */; };
		C514F0212220E8A6009876D6 /* RecommendDHViewController.xib in Resources */ = {isa = PBXBuildFile; fileRef = C514F01F2220E8A6009876D6 /* RecommendDHViewController.xib */; };
		C514F031222324E7009876D6 /* FollowViewController.swift in Sources */ = {isa = PBXBuildFile; fileRef = C514F02F222324E7009876D6 /* FollowViewController.swift */; };
		C514F032222324E7009876D6 /* FollowViewController.xib in Resources */ = {isa = PBXBuildFile; fileRef = C514F030222324E7009876D6 /* FollowViewController.xib */; };
		C514F03422232E6C009876D6 /* Popup.storyboard in Resources */ = {isa = PBXBuildFile; fileRef = C514F03322232E6C009876D6 /* Popup.storyboard */; };
		C514F03622232F1C009876D6 /* PopupViewController.swift in Sources */ = {isa = PBXBuildFile; fileRef = C514F03522232F1C009876D6 /* PopupViewController.swift */; };
		C514F039222A3823009876D6 /* LoginViewController.swift in Sources */ = {isa = PBXBuildFile; fileRef = C514F038222A3823009876D6 /* LoginViewController.swift */; };
		C514F03B222A38A3009876D6 /* LoginStoryboard.storyboard in Resources */ = {isa = PBXBuildFile; fileRef = C514F03A222A38A3009876D6 /* LoginStoryboard.storyboard */; };
		C5945A6C2217F78A0095FAB4 /* MyTableViewCell.swift in Sources */ = {isa = PBXBuildFile; fileRef = C5945A6A2217F78A0095FAB4 /* MyTableViewCell.swift */; };
		C5945A6D2217F78A0095FAB4 /* MyTableViewCell.xib in Resources */ = {isa = PBXBuildFile; fileRef = C5945A6B2217F78A0095FAB4 /* MyTableViewCell.xib */; };
		C5945A702218175D0095FAB4 /* MypageDefaultTableViewCell.swift in Sources */ = {isa = PBXBuildFile; fileRef = C5945A6E2218175D0095FAB4 /* MypageDefaultTableViewCell.swift */; };
		C5945A712218175D0095FAB4 /* MypageDefaultTableViewCell.xib in Resources */ = {isa = PBXBuildFile; fileRef = C5945A6F2218175D0095FAB4 /* MypageDefaultTableViewCell.xib */; };
		C5945A73221821DF0095FAB4 /* Assets.xcassets in Resources */ = {isa = PBXBuildFile; fileRef = C5945A72221821DF0095FAB4 /* Assets.xcassets */; };
		C5945A77221835370095FAB4 /* GradeViewController.swift in Sources */ = {isa = PBXBuildFile; fileRef = C5945A75221835370095FAB4 /* GradeViewController.swift */; };
		C5945A78221835370095FAB4 /* GradeViewController.xib in Resources */ = {isa = PBXBuildFile; fileRef = C5945A76221835370095FAB4 /* GradeViewController.xib */; };
		C5ECA448221898CC00BFFBD7 /* TableViewCell.swift in Sources */ = {isa = PBXBuildFile; fileRef = C5ECA446221898CC00BFFBD7 /* TableViewCell.swift */; };
		C5ECA449221898CC00BFFBD7 /* TableViewCell.xib in Resources */ = {isa = PBXBuildFile; fileRef = C5ECA447221898CC00BFFBD7 /* TableViewCell.xib */; };
		C5ECA450221AA3FB00BFFBD7 /* SetupViewController.swift in Sources */ = {isa = PBXBuildFile; fileRef = C5ECA44E221AA3FB00BFFBD7 /* SetupViewController.swift */; };
		C5ECA451221AA3FB00BFFBD7 /* SetupViewController.xib in Resources */ = {isa = PBXBuildFile; fileRef = C5ECA44F221AA3FB00BFFBD7 /* SetupViewController.xib */; };
		C5ECA455221B063400BFFBD7 /* CustomBackButtonMaker.swift in Sources */ = {isa = PBXBuildFile; fileRef = C5ECA454221B063400BFFBD7 /* CustomBackButtonMaker.swift */; };
		C5ECA460221B168900BFFBD7 /* CosmosDistrib.swift in Sources */ = {isa = PBXBuildFile; fileRef = C5ECA45F221B168900BFFBD7 /* CosmosDistrib.swift */; };
		C5ECA463221B1A9500BFFBD7 /* MypageCommonViewController.swift in Sources */ = {isa = PBXBuildFile; fileRef = C5ECA461221B1A9500BFFBD7 /* MypageCommonViewController.swift */; };
		C5ECA464221B1A9500BFFBD7 /* MypageCommonViewController.xib in Resources */ = {isa = PBXBuildFile; fileRef = C5ECA462221B1A9500BFFBD7 /* MypageCommonViewController.xib */; };
		C5ECA466221BEC4600BFFBD7 /* CustomStoreUIView.swift in Sources */ = {isa = PBXBuildFile; fileRef = C5ECA465221BEC4600BFFBD7 /* CustomStoreUIView.swift */; };
		C5ECA468221BED8900BFFBD7 /* CustomStoreUIView.xib in Resources */ = {isa = PBXBuildFile; fileRef = C5ECA467221BED8900BFFBD7 /* CustomStoreUIView.xib */; };
		C5ECA46B221BF5E700BFFBD7 /* StoreCommonTableViewCell.swift in Sources */ = {isa = PBXBuildFile; fileRef = C5ECA469221BF5E700BFFBD7 /* StoreCommonTableViewCell.swift */; };
		C5ECA46C221BF5E700BFFBD7 /* StoreCommonTableViewCell.xib in Resources */ = {isa = PBXBuildFile; fileRef = C5ECA46A221BF5E700BFFBD7 /* StoreCommonTableViewCell.xib */; };
		C5ECA470221C0E9800BFFBD7 /* StoreDetailViewController.swift in Sources */ = {isa = PBXBuildFile; fileRef = C5ECA46E221C0E9800BFFBD7 /* StoreDetailViewController.swift */; };
		C5ECA471221C0E9800BFFBD7 /* StoreDetailViewController.xib in Resources */ = {isa = PBXBuildFile; fileRef = C5ECA46F221C0E9800BFFBD7 /* StoreDetailViewController.xib */; };
		C5ECA478221C869000BFFBD7 /* UserFollowTableViewCell.swift in Sources */ = {isa = PBXBuildFile; fileRef = C5ECA476221C869000BFFBD7 /* UserFollowTableViewCell.swift */; };
		C5ECA479221C869000BFFBD7 /* UserFollowTableViewCell.xib in Resources */ = {isa = PBXBuildFile; fileRef = C5ECA477221C869000BFFBD7 /* UserFollowTableViewCell.xib */; };
		C5ECA47E221D223B00BFFBD7 /* ProfileModifyViewController.swift in Sources */ = {isa = PBXBuildFile; fileRef = C5ECA47C221D223B00BFFBD7 /* ProfileModifyViewController.swift */; };
		C5ECA47F221D223B00BFFBD7 /* ProfileModifyViewController.xib in Resources */ = {isa = PBXBuildFile; fileRef = C5ECA47D221D223B00BFFBD7 /* ProfileModifyViewController.xib */; };
		C5ECA482221D30AB00BFFBD7 /* ProfileInfoTableViewCell.swift in Sources */ = {isa = PBXBuildFile; fileRef = C5ECA480221D30AB00BFFBD7 /* ProfileInfoTableViewCell.swift */; };
		C5ECA483221D30AB00BFFBD7 /* ProfileInfoTableViewCell.xib in Resources */ = {isa = PBXBuildFile; fileRef = C5ECA481221D30AB00BFFBD7 /* ProfileInfoTableViewCell.xib */; };
		C5ECA486221D46F800BFFBD7 /* IntroductionViewController.swift in Sources */ = {isa = PBXBuildFile; fileRef = C5ECA484221D46F800BFFBD7 /* IntroductionViewController.swift */; };
		C5ECA487221D46F800BFFBD7 /* IntroductionViewController.xib in Resources */ = {isa = PBXBuildFile; fileRef = C5ECA485221D46F800BFFBD7 /* IntroductionViewController.xib */; };
		C5ECA48B221D923500BFFBD7 /* DummyViewController.swift in Sources */ = {isa = PBXBuildFile; fileRef = C5ECA489221D923500BFFBD7 /* DummyViewController.swift */; };
		C5ECA48C221D923500BFFBD7 /* DummyViewController.xib in Resources */ = {isa = PBXBuildFile; fileRef = C5ECA48A221D923500BFFBD7 /* DummyViewController.xib */; };
		C5ECA48F221DB52300BFFBD7 /* ReviewUserInfoView.swift in Sources */ = {isa = PBXBuildFile; fileRef = C5ECA48E221DB52300BFFBD7 /* ReviewUserInfoView.swift */; };
		C5ECA494221DBAB200BFFBD7 /* ReviewTableViewCell.swift in Sources */ = {isa = PBXBuildFile; fileRef = C5ECA492221DBAB200BFFBD7 /* ReviewTableViewCell.swift */; };
		C5ECA495221DBAB200BFFBD7 /* ReviewTableViewCell.xib in Resources */ = {isa = PBXBuildFile; fileRef = C5ECA493221DBAB200BFFBD7 /* ReviewTableViewCell.xib */; };
		C5ECA497221DC51800BFFBD7 /* ReviewRatingView.swift in Sources */ = {isa = PBXBuildFile; fileRef = C5ECA496221DC51800BFFBD7 /* ReviewRatingView.swift */; };
		C5ECA499221DC60F00BFFBD7 /* ReviewStoreInfoView.swift in Sources */ = {isa = PBXBuildFile; fileRef = C5ECA498221DC60F00BFFBD7 /* ReviewStoreInfoView.swift */; };
		C5ECA49B221DC68D00BFFBD7 /* ReviewMoreView.swift in Sources */ = {isa = PBXBuildFile; fileRef = C5ECA49A221DC68D00BFFBD7 /* ReviewMoreView.swift */; };
		C5ECA49D221DC6C100BFFBD7 /* ReviewLikeView.swift in Sources */ = {isa = PBXBuildFile; fileRef = C5ECA49C221DC6C100BFFBD7 /* ReviewLikeView.swift */; };
		C5ECA4A0221EB54300BFFBD7 /* ImageTouchViewController.swift in Sources */ = {isa = PBXBuildFile; fileRef = C5ECA49E221EB54300BFFBD7 /* ImageTouchViewController.swift */; };
		C5ECA4A1221EB54300BFFBD7 /* ImageTouchViewController.xib in Resources */ = {isa = PBXBuildFile; fileRef = C5ECA49F221EB54300BFFBD7 /* ImageTouchViewController.xib */; };
		C5FFFC5F222A531300852572 /* Store.swift in Sources */ = {isa = PBXBuildFile; fileRef = C5FFFC5E222A531300852572 /* Store.swift */; };
		C5FFFC61222A55F100852572 /* User.swift in Sources */ = {isa = PBXBuildFile; fileRef = C5FFFC60222A55F100852572 /* User.swift */; };
		C5FFFC63222ABC9600852572 /* GoogleService-Info.plist in Resources */ = {isa = PBXBuildFile; fileRef = C5FFFC62222ABC9600852572 /* GoogleService-Info.plist */; };
		DABF8A5DA998B0CA3E116233 /* Pods_team2zTests.framework in Frameworks */ = {isa = PBXBuildFile; fileRef = 84D94A64219EBE7665305B0C /* Pods_team2zTests.framework */; };
/* End PBXBuildFile section */

/* Begin PBXContainerItemProxy section */
		97AA109321F4A0FD00357553 /* PBXContainerItemProxy */ = {
			isa = PBXContainerItemProxy;
			containerPortal = 97AA107621F4A0F800357553 /* Project object */;
			proxyType = 1;
			remoteGlobalIDString = 97AA107D21F4A0F800357553;
			remoteInfo = team2z;
		};
		97AA109E21F4A0FD00357553 /* PBXContainerItemProxy */ = {
			isa = PBXContainerItemProxy;
			containerPortal = 97AA107621F4A0F800357553 /* Project object */;
			proxyType = 1;
			remoteGlobalIDString = 97AA107D21F4A0F800357553;
			remoteInfo = team2z;
		};
/* End PBXContainerItemProxy section */

/* Begin PBXFileReference section */
		2210BD3D4BD262BA0F7D763B /* Pods-team2zUITests.release.xcconfig */ = {isa = PBXFileReference; includeInIndex = 1; lastKnownFileType = text.xcconfig; name = "Pods-team2zUITests.release.xcconfig"; path = "Pods/Target Support Files/Pods-team2zUITests/Pods-team2zUITests.release.xcconfig"; sourceTree = "<group>"; };
		3047B40FFE1854781CA6D28D /* Pods-team2zTests.release.xcconfig */ = {isa = PBXFileReference; includeInIndex = 1; lastKnownFileType = text.xcconfig; name = "Pods-team2zTests.release.xcconfig"; path = "Pods/Target Support Files/Pods-team2zTests/Pods-team2zTests.release.xcconfig"; sourceTree = "<group>"; };
		719EA0CAB4D9B6A6A0106ED8 /* Pods-team2zTests.debug.xcconfig */ = {isa = PBXFileReference; includeInIndex = 1; lastKnownFileType = text.xcconfig; name = "Pods-team2zTests.debug.xcconfig"; path = "Pods/Target Support Files/Pods-team2zTests/Pods-team2zTests.debug.xcconfig"; sourceTree = "<group>"; };
		772D9DFFED27A35423D47113 /* Pods-team2z.debug.xcconfig */ = {isa = PBXFileReference; includeInIndex = 1; lastKnownFileType = text.xcconfig; name = "Pods-team2z.debug.xcconfig"; path = "Pods/Target Support Files/Pods-team2z/Pods-team2z.debug.xcconfig"; sourceTree = "<group>"; };
		84D94A64219EBE7665305B0C /* Pods_team2zTests.framework */ = {isa = PBXFileReference; explicitFileType = wrapper.framework; includeInIndex = 0; path = Pods_team2zTests.framework; sourceTree = BUILT_PRODUCTS_DIR; };
		89EBBB3DDB1BD485E3AF6818 /* Pods-team2z.release.xcconfig */ = {isa = PBXFileReference; includeInIndex = 1; lastKnownFileType = text.xcconfig; name = "Pods-team2z.release.xcconfig"; path = "Pods/Target Support Files/Pods-team2z/Pods-team2z.release.xcconfig"; sourceTree = "<group>"; };
		97AA107E21F4A0F800357553 /* team2z.app */ = {isa = PBXFileReference; explicitFileType = wrapper.application; includeInIndex = 0; path = team2z.app; sourceTree = BUILT_PRODUCTS_DIR; };
		97AA108121F4A0F900357553 /* AppDelegate.swift */ = {isa = PBXFileReference; lastKnownFileType = sourcecode.swift; path = AppDelegate.swift; sourceTree = "<group>"; };
		97AA108B21F4A0FD00357553 /* Base */ = {isa = PBXFileReference; lastKnownFileType = file.storyboard; name = Base; path = Base.lproj/LaunchScreen.storyboard; sourceTree = "<group>"; };
		97AA108D21F4A0FD00357553 /* Info.plist */ = {isa = PBXFileReference; lastKnownFileType = text.plist.xml; path = Info.plist; sourceTree = "<group>"; };
		97AA109221F4A0FD00357553 /* team2zTests.xctest */ = {isa = PBXFileReference; explicitFileType = wrapper.cfbundle; includeInIndex = 0; path = team2zTests.xctest; sourceTree = BUILT_PRODUCTS_DIR; };
		97AA109621F4A0FD00357553 /* team2zTests.swift */ = {isa = PBXFileReference; lastKnownFileType = sourcecode.swift; path = team2zTests.swift; sourceTree = "<group>"; };
		97AA109821F4A0FD00357553 /* Info.plist */ = {isa = PBXFileReference; lastKnownFileType = text.plist.xml; path = Info.plist; sourceTree = "<group>"; };
		97AA109D21F4A0FD00357553 /* team2zUITests.xctest */ = {isa = PBXFileReference; explicitFileType = wrapper.cfbundle; includeInIndex = 0; path = team2zUITests.xctest; sourceTree = BUILT_PRODUCTS_DIR; };
		97AA10A121F4A0FD00357553 /* team2zUITests.swift */ = {isa = PBXFileReference; lastKnownFileType = sourcecode.swift; path = team2zUITests.swift; sourceTree = "<group>"; };
		97AA10A321F4A0FD00357553 /* Info.plist */ = {isa = PBXFileReference; lastKnownFileType = text.plist.xml; path = Info.plist; sourceTree = "<group>"; };
		97AA10AF21F4CBC400357553 /* Carthage */ = {isa = PBXFileReference; fileEncoding = 4; lastKnownFileType = text; path = Carthage; sourceTree = "<group>"; };
		97AA10B221F4D21600357553 /* SnapKit.framework */ = {isa = PBXFileReference; lastKnownFileType = wrapper.framework; name = SnapKit.framework; path = Carthage/Build/iOS/SnapKit.framework; sourceTree = "<group>"; };
		97E437A82216B67F0063419A /* TestOneViewController.swift */ = {isa = PBXFileReference; lastKnownFileType = sourcecode.swift; path = TestOneViewController.swift; sourceTree = "<group>"; };
		97E437AA2216B68C0063419A /* TestTwoViewController.swift */ = {isa = PBXFileReference; lastKnownFileType = sourcecode.swift; path = TestTwoViewController.swift; sourceTree = "<group>"; };
		97E437AC2216B6950063419A /* TestThreeViewController.swift */ = {isa = PBXFileReference; lastKnownFileType = sourcecode.swift; path = TestThreeViewController.swift; sourceTree = "<group>"; };
		97E437AE2216C1F40063419A /* BaseViewController.swift */ = {isa = PBXFileReference; lastKnownFileType = sourcecode.swift; path = BaseViewController.swift; sourceTree = "<group>"; };
		97E437B02217255B0063419A /* TestViewController.swift */ = {isa = PBXFileReference; lastKnownFileType = sourcecode.swift; path = TestViewController.swift; sourceTree = "<group>"; };
		97E437B22217C7C90063419A /* BaseTabBarController.swift */ = {isa = PBXFileReference; lastKnownFileType = sourcecode.swift; path = BaseTabBarController.swift; sourceTree = "<group>"; };
		97E437B42217CAE30063419A /* HomeViewController.swift */ = {isa = PBXFileReference; lastKnownFileType = sourcecode.swift; path = HomeViewController.swift; sourceTree = "<group>"; };
		97E437BA2217CB170063419A /* NewFeedViewController.swift */ = {isa = PBXFileReference; lastKnownFileType = sourcecode.swift; path = NewFeedViewController.swift; sourceTree = "<group>"; };
		97E437BC2217CB200063419A /* MyPageViewController.swift */ = {isa = PBXFileReference; lastKnownFileType = sourcecode.swift; path = MyPageViewController.swift; sourceTree = "<group>"; };
		97E437BE2217CB9E0063419A /* MapViewController.swift */ = {isa = PBXFileReference; lastKnownFileType = sourcecode.swift; path = MapViewController.swift; sourceTree = "<group>"; };
		97E437C22217E00E0063419A /* AddViewController.swift */ = {isa = PBXFileReference; lastKnownFileType = sourcecode.swift; path = AddViewController.swift; sourceTree = "<group>"; };
		A5F23959D8E89D52535E34EB /* Pods-team2zUITests.debug.xcconfig */ = {isa = PBXFileReference; includeInIndex = 1; lastKnownFileType = text.xcconfig; name = "Pods-team2zUITests.debug.xcconfig"; path = "Pods/Target Support Files/Pods-team2zUITests/Pods-team2zUITests.debug.xcconfig"; sourceTree = "<group>"; };
		A90DE216234C44BC4B6D73E6 /* Pods_team2z.framework */ = {isa = PBXFileReference; explicitFileType = wrapper.framework; includeInIndex = 0; path = Pods_team2z.framework; sourceTree = BUILT_PRODUCTS_DIR; };
		B80CA2A92225C502000B8F49 /* WriteReviewStoryboard.storyboard */ = {isa = PBXFileReference; lastKnownFileType = file.storyboard; path = WriteReviewStoryboard.storyboard; sourceTree = "<group>"; };
		B80CA2AF22265068000B8F49 /* WriteReview_1.swift */ = {isa = PBXFileReference; lastKnownFileType = sourcecode.swift; path = WriteReview_1.swift; sourceTree = "<group>"; };
		B80CA2B122265074000B8F49 /* WriteReview_1.xib */ = {isa = PBXFileReference; lastKnownFileType = file.xib; path = WriteReview_1.xib; sourceTree = "<group>"; };
		B80CA2B322265622000B8F49 /* WriteReview_2.swift */ = {isa = PBXFileReference; lastKnownFileType = sourcecode.swift; path = WriteReview_2.swift; sourceTree = "<group>"; };
		B80CA2B522265630000B8F49 /* WriteReview_2.xib */ = {isa = PBXFileReference; lastKnownFileType = file.xib; path = WriteReview_2.xib; sourceTree = "<group>"; };
		B80CA2B722266D75000B8F49 /* WriteReview_3.swift */ = {isa = PBXFileReference; lastKnownFileType = sourcecode.swift; path = WriteReview_3.swift; sourceTree = "<group>"; };
		B80CA2B922266D86000B8F49 /* WriteReview_3.xib */ = {isa = PBXFileReference; lastKnownFileType = file.xib; path = WriteReview_3.xib; sourceTree = "<group>"; };
		B8E11A42221819F2007FBD5E /* NewFeedGoViewController.swift */ = {isa = PBXFileReference; lastKnownFileType = sourcecode.swift; path = NewFeedGoViewController.swift; sourceTree = "<group>"; };
		B8E11A44221A9668007FBD5E /* SearchStoreTableViewCell.swift */ = {isa = PBXFileReference; lastKnownFileType = sourcecode.swift; path = SearchStoreTableViewCell.swift; sourceTree = "<group>"; };
		B8E11A47221BE189007FBD5E /* StoreGradeViewController.swift */ = {isa = PBXFileReference; lastKnownFileType = sourcecode.swift; path = StoreGradeViewController.swift; sourceTree = "<group>"; };
		B8E11A49221BE8E3007FBD5E /* ResultStoreTableViewCell.swift */ = {isa = PBXFileReference; lastKnownFileType = sourcecode.swift; path = ResultStoreTableViewCell.swift; sourceTree = "<group>"; };
		C514EFFA221F03FC009876D6 /* NewUserHomeView.swift */ = {isa = PBXFileReference; lastKnownFileType = sourcecode.swift; path = NewUserHomeView.swift; sourceTree = "<group>"; };
		C514EFFC221F0418009876D6 /* NewUserHomeView.xib */ = {isa = PBXFileReference; lastKnownFileType = file.xib; path = NewUserHomeView.xib; sourceTree = "<group>"; };
		C514EFFE221F18D7009876D6 /* SearchViewController.swift */ = {isa = PBXFileReference; lastKnownFileType = sourcecode.swift; path = SearchViewController.swift; sourceTree = "<group>"; };
		C514EFFF221F18D7009876D6 /* SearchViewController.xib */ = {isa = PBXFileReference; lastKnownFileType = file.xib; path = SearchViewController.xib; sourceTree = "<group>"; };
		C514F002221F2D74009876D6 /* MainView.swift */ = {isa = PBXFileReference; lastKnownFileType = sourcecode.swift; path = MainView.swift; sourceTree = "<group>"; };
		C514F004221F2EF1009876D6 /* MainViewController.swift */ = {isa = PBXFileReference; lastKnownFileType = sourcecode.swift; path = MainViewController.swift; sourceTree = "<group>"; };
		C514F006221FCCA3009876D6 /* SearchTableViewCell.swift */ = {isa = PBXFileReference; lastKnownFileType = sourcecode.swift; path = SearchTableViewCell.swift; sourceTree = "<group>"; };
		C514F007221FCCA3009876D6 /* SearchTableViewCell.xib */ = {isa = PBXFileReference; lastKnownFileType = file.xib; path = SearchTableViewCell.xib; sourceTree = "<group>"; };
		C514F00C22201CEB009876D6 /* SearchResultViewController.swift */ = {isa = PBXFileReference; lastKnownFileType = sourcecode.swift; path = SearchResultViewController.swift; sourceTree = "<group>"; };
		C514F00D22201CEB009876D6 /* SearchResultViewController.xib */ = {isa = PBXFileReference; lastKnownFileType = file.xib; path = SearchResultViewController.xib; sourceTree = "<group>"; };
		C514F01022204FD0009876D6 /* ResultSearchViewController.swift */ = {isa = PBXFileReference; lastKnownFileType = sourcecode.swift; path = ResultSearchViewController.swift; sourceTree = "<group>"; };
		C514F0122220501E009876D6 /* ScrollSegmented.storyboard */ = {isa = PBXFileReference; lastKnownFileType = file.storyboard; path = ScrollSegmented.storyboard; sourceTree = "<group>"; };
		C514F01422206273009876D6 /* SegmentedScroll.storyboard */ = {isa = PBXFileReference; lastKnownFileType = file.storyboard; path = SegmentedScroll.storyboard; sourceTree = "<group>"; };
		C514F01722208C39009876D6 /* MySegmentControl.swift */ = {isa = PBXFileReference; lastKnownFileType = sourcecode.swift; path = MySegmentControl.swift; sourceTree = "<group>"; };
		C514F01922209037009876D6 /* DiscoveryViewController.swift */ = {isa = PBXFileReference; lastKnownFileType = sourcecode.swift; path = DiscoveryViewController.swift; sourceTree = "<group>"; };
		C514F01A22209037009876D6 /* DiscoveryViewController.xib */ = {isa = PBXFileReference; lastKnownFileType = file.xib; path = DiscoveryViewController.xib; sourceTree = "<group>"; };
		C514F01E2220E8A6009876D6 /* RecommendDHViewController.swift */ = {isa = PBXFileReference; lastKnownFileType = sourcecode.swift; path = RecommendDHViewController.swift; sourceTree = "<group>"; };
		C514F01F2220E8A6009876D6 /* RecommendDHViewController.xib */ = {isa = PBXFileReference; lastKnownFileType = file.xib; path = RecommendDHViewController.xib; sourceTree = "<group>"; };
		C514F02F222324E7009876D6 /* FollowViewController.swift */ = {isa = PBXFileReference; lastKnownFileType = sourcecode.swift; path = FollowViewController.swift; sourceTree = "<group>"; };
		C514F030222324E7009876D6 /* FollowViewController.xib */ = {isa = PBXFileReference; lastKnownFileType = file.xib; path = FollowViewController.xib; sourceTree = "<group>"; };
		C514F03322232E6C009876D6 /* Popup.storyboard */ = {isa = PBXFileReference; lastKnownFileType = file.storyboard; path = Popup.storyboard; sourceTree = "<group>"; };
		C514F03522232F1C009876D6 /* PopupViewController.swift */ = {isa = PBXFileReference; lastKnownFileType = sourcecode.swift; path = PopupViewController.swift; sourceTree = "<group>"; };
		C514F038222A3823009876D6 /* LoginViewController.swift */ = {isa = PBXFileReference; lastKnownFileType = sourcecode.swift; path = LoginViewController.swift; sourceTree = "<group>"; };
		C514F03A222A38A3009876D6 /* LoginStoryboard.storyboard */ = {isa = PBXFileReference; lastKnownFileType = file.storyboard; path = LoginStoryboard.storyboard; sourceTree = "<group>"; };
		C5945A6A2217F78A0095FAB4 /* MyTableViewCell.swift */ = {isa = PBXFileReference; lastKnownFileType = sourcecode.swift; path = MyTableViewCell.swift; sourceTree = "<group>"; };
		C5945A6B2217F78A0095FAB4 /* MyTableViewCell.xib */ = {isa = PBXFileReference; lastKnownFileType = file.xib; path = MyTableViewCell.xib; sourceTree = "<group>"; };
		C5945A6E2218175D0095FAB4 /* MypageDefaultTableViewCell.swift */ = {isa = PBXFileReference; lastKnownFileType = sourcecode.swift; path = MypageDefaultTableViewCell.swift; sourceTree = "<group>"; };
		C5945A6F2218175D0095FAB4 /* MypageDefaultTableViewCell.xib */ = {isa = PBXFileReference; lastKnownFileType = file.xib; path = MypageDefaultTableViewCell.xib; sourceTree = "<group>"; };
		C5945A72221821DF0095FAB4 /* Assets.xcassets */ = {isa = PBXFileReference; lastKnownFileType = folder.assetcatalog; path = Assets.xcassets; sourceTree = "<group>"; };
		C5945A75221835370095FAB4 /* GradeViewController.swift */ = {isa = PBXFileReference; lastKnownFileType = sourcecode.swift; path = GradeViewController.swift; sourceTree = "<group>"; };
		C5945A76221835370095FAB4 /* GradeViewController.xib */ = {isa = PBXFileReference; lastKnownFileType = file.xib; path = GradeViewController.xib; sourceTree = "<group>"; };
		C5ECA446221898CC00BFFBD7 /* TableViewCell.swift */ = {isa = PBXFileReference; lastKnownFileType = sourcecode.swift; path = TableViewCell.swift; sourceTree = "<group>"; };
		C5ECA447221898CC00BFFBD7 /* TableViewCell.xib */ = {isa = PBXFileReference; lastKnownFileType = file.xib; path = TableViewCell.xib; sourceTree = "<group>"; };
		C5ECA44E221AA3FB00BFFBD7 /* SetupViewController.swift */ = {isa = PBXFileReference; lastKnownFileType = sourcecode.swift; path = SetupViewController.swift; sourceTree = "<group>"; };
		C5ECA44F221AA3FB00BFFBD7 /* SetupViewController.xib */ = {isa = PBXFileReference; lastKnownFileType = file.xib; path = SetupViewController.xib; sourceTree = "<group>"; };
		C5ECA454221B063400BFFBD7 /* CustomBackButtonMaker.swift */ = {isa = PBXFileReference; lastKnownFileType = sourcecode.swift; path = CustomBackButtonMaker.swift; sourceTree = "<group>"; };
		C5ECA45F221B168900BFFBD7 /* CosmosDistrib.swift */ = {isa = PBXFileReference; fileEncoding = 4; lastKnownFileType = sourcecode.swift; path = CosmosDistrib.swift; sourceTree = "<group>"; };
		C5ECA461221B1A9500BFFBD7 /* MypageCommonViewController.swift */ = {isa = PBXFileReference; lastKnownFileType = sourcecode.swift; path = MypageCommonViewController.swift; sourceTree = "<group>"; };
		C5ECA462221B1A9500BFFBD7 /* MypageCommonViewController.xib */ = {isa = PBXFileReference; lastKnownFileType = file.xib; path = MypageCommonViewController.xib; sourceTree = "<group>"; };
		C5ECA465221BEC4600BFFBD7 /* CustomStoreUIView.swift */ = {isa = PBXFileReference; lastKnownFileType = sourcecode.swift; path = CustomStoreUIView.swift; sourceTree = "<group>"; };
		C5ECA467221BED8900BFFBD7 /* CustomStoreUIView.xib */ = {isa = PBXFileReference; lastKnownFileType = file.xib; path = CustomStoreUIView.xib; sourceTree = "<group>"; };
		C5ECA469221BF5E700BFFBD7 /* StoreCommonTableViewCell.swift */ = {isa = PBXFileReference; lastKnownFileType = sourcecode.swift; path = StoreCommonTableViewCell.swift; sourceTree = "<group>"; };
		C5ECA46A221BF5E700BFFBD7 /* StoreCommonTableViewCell.xib */ = {isa = PBXFileReference; lastKnownFileType = file.xib; path = StoreCommonTableViewCell.xib; sourceTree = "<group>"; };
		C5ECA46E221C0E9800BFFBD7 /* StoreDetailViewController.swift */ = {isa = PBXFileReference; lastKnownFileType = sourcecode.swift; path = StoreDetailViewController.swift; sourceTree = "<group>"; };
		C5ECA46F221C0E9800BFFBD7 /* StoreDetailViewController.xib */ = {isa = PBXFileReference; lastKnownFileType = file.xib; path = StoreDetailViewController.xib; sourceTree = "<group>"; };
		C5ECA476221C869000BFFBD7 /* UserFollowTableViewCell.swift */ = {isa = PBXFileReference; lastKnownFileType = sourcecode.swift; path = UserFollowTableViewCell.swift; sourceTree = "<group>"; };
		C5ECA477221C869000BFFBD7 /* UserFollowTableViewCell.xib */ = {isa = PBXFileReference; lastKnownFileType = file.xib; path = UserFollowTableViewCell.xib; sourceTree = "<group>"; };
		C5ECA47C221D223B00BFFBD7 /* ProfileModifyViewController.swift */ = {isa = PBXFileReference; lastKnownFileType = sourcecode.swift; path = ProfileModifyViewController.swift; sourceTree = "<group>"; };
		C5ECA47D221D223B00BFFBD7 /* ProfileModifyViewController.xib */ = {isa = PBXFileReference; lastKnownFileType = file.xib; path = ProfileModifyViewController.xib; sourceTree = "<group>"; };
		C5ECA480221D30AB00BFFBD7 /* ProfileInfoTableViewCell.swift */ = {isa = PBXFileReference; lastKnownFileType = sourcecode.swift; path = ProfileInfoTableViewCell.swift; sourceTree = "<group>"; };
		C5ECA481221D30AB00BFFBD7 /* ProfileInfoTableViewCell.xib */ = {isa = PBXFileReference; lastKnownFileType = file.xib; path = ProfileInfoTableViewCell.xib; sourceTree = "<group>"; };
		C5ECA484221D46F800BFFBD7 /* IntroductionViewController.swift */ = {isa = PBXFileReference; lastKnownFileType = sourcecode.swift; path = IntroductionViewController.swift; sourceTree = "<group>"; };
		C5ECA485221D46F800BFFBD7 /* IntroductionViewController.xib */ = {isa = PBXFileReference; lastKnownFileType = file.xib; path = IntroductionViewController.xib; sourceTree = "<group>"; };
		C5ECA489221D923500BFFBD7 /* DummyViewController.swift */ = {isa = PBXFileReference; lastKnownFileType = sourcecode.swift; path = DummyViewController.swift; sourceTree = "<group>"; };
		C5ECA48A221D923500BFFBD7 /* DummyViewController.xib */ = {isa = PBXFileReference; lastKnownFileType = file.xib; path = DummyViewController.xib; sourceTree = "<group>"; };
		C5ECA48E221DB52300BFFBD7 /* ReviewUserInfoView.swift */ = {isa = PBXFileReference; lastKnownFileType = sourcecode.swift; path = ReviewUserInfoView.swift; sourceTree = "<group>"; };
		C5ECA492221DBAB200BFFBD7 /* ReviewTableViewCell.swift */ = {isa = PBXFileReference; lastKnownFileType = sourcecode.swift; path = ReviewTableViewCell.swift; sourceTree = "<group>"; };
		C5ECA493221DBAB200BFFBD7 /* ReviewTableViewCell.xib */ = {isa = PBXFileReference; lastKnownFileType = file.xib; path = ReviewTableViewCell.xib; sourceTree = "<group>"; };
		C5ECA496221DC51800BFFBD7 /* ReviewRatingView.swift */ = {isa = PBXFileReference; lastKnownFileType = sourcecode.swift; path = ReviewRatingView.swift; sourceTree = "<group>"; };
		C5ECA498221DC60F00BFFBD7 /* ReviewStoreInfoView.swift */ = {isa = PBXFileReference; lastKnownFileType = sourcecode.swift; path = ReviewStoreInfoView.swift; sourceTree = "<group>"; };
		C5ECA49A221DC68D00BFFBD7 /* ReviewMoreView.swift */ = {isa = PBXFileReference; lastKnownFileType = sourcecode.swift; path = ReviewMoreView.swift; sourceTree = "<group>"; };
		C5ECA49C221DC6C100BFFBD7 /* ReviewLikeView.swift */ = {isa = PBXFileReference; lastKnownFileType = sourcecode.swift; path = ReviewLikeView.swift; sourceTree = "<group>"; };
		C5ECA49E221EB54300BFFBD7 /* ImageTouchViewController.swift */ = {isa = PBXFileReference; lastKnownFileType = sourcecode.swift; path = ImageTouchViewController.swift; sourceTree = "<group>"; };
		C5ECA49F221EB54300BFFBD7 /* ImageTouchViewController.xib */ = {isa = PBXFileReference; lastKnownFileType = file.xib; path = ImageTouchViewController.xib; sourceTree = "<group>"; };
		C5FFFC5E222A531300852572 /* Store.swift */ = {isa = PBXFileReference; lastKnownFileType = sourcecode.swift; path = Store.swift; sourceTree = "<group>"; };
		C5FFFC60222A55F100852572 /* User.swift */ = {isa = PBXFileReference; lastKnownFileType = sourcecode.swift; path = User.swift; sourceTree = "<group>"; };
		C5FFFC62222ABC9600852572 /* GoogleService-Info.plist */ = {isa = PBXFileReference; fileEncoding = 4; lastKnownFileType = text.plist.xml; path = "GoogleService-Info.plist"; sourceTree = "<group>"; };
		DF3E6B8BB15948E54AB8058D /* Pods_team2zUITests.framework */ = {isa = PBXFileReference; explicitFileType = wrapper.framework; includeInIndex = 0; path = Pods_team2zUITests.framework; sourceTree = BUILT_PRODUCTS_DIR; };
/* End PBXFileReference section */

/* Begin PBXFrameworksBuildPhase section */
		97AA107B21F4A0F800357553 /* Frameworks */ = {
			isa = PBXFrameworksBuildPhase;
			buildActionMask = 2147483647;
			files = (
				97AA10B321F4D21600357553 /* SnapKit.framework in Frameworks */,
				AD7478074A96C40DD655C2E7 /* Pods_team2z.framework in Frameworks */,
			);
			runOnlyForDeploymentPostprocessing = 0;
		};
		97AA108F21F4A0FD00357553 /* Frameworks */ = {
			isa = PBXFrameworksBuildPhase;
			buildActionMask = 2147483647;
			files = (
				DABF8A5DA998B0CA3E116233 /* Pods_team2zTests.framework in Frameworks */,
			);
			runOnlyForDeploymentPostprocessing = 0;
		};
		97AA109A21F4A0FD00357553 /* Frameworks */ = {
			isa = PBXFrameworksBuildPhase;
			buildActionMask = 2147483647;
			files = (
				31D0B63AC8888C13D956D8B9 /* Pods_team2zUITests.framework in Frameworks */,
			);
			runOnlyForDeploymentPostprocessing = 0;
		};
/* End PBXFrameworksBuildPhase section */

/* Begin PBXGroup section */
		29DDED71D7AB7425B7DD0B2E /* Pods */ = {
			isa = PBXGroup;
			children = (
				772D9DFFED27A35423D47113 /* Pods-team2z.debug.xcconfig */,
				89EBBB3DDB1BD485E3AF6818 /* Pods-team2z.release.xcconfig */,
				719EA0CAB4D9B6A6A0106ED8 /* Pods-team2zTests.debug.xcconfig */,
				3047B40FFE1854781CA6D28D /* Pods-team2zTests.release.xcconfig */,
				A5F23959D8E89D52535E34EB /* Pods-team2zUITests.debug.xcconfig */,
				2210BD3D4BD262BA0F7D763B /* Pods-team2zUITests.release.xcconfig */,
			);
			name = Pods;
			sourceTree = "<group>";
		};
		97AA107521F4A0F800357553 = {
			isa = PBXGroup;
			children = (
				97AA10AF21F4CBC400357553 /* Carthage */,
				97AA108021F4A0F900357553 /* team2z */,
				97AA109521F4A0FD00357553 /* team2zTests */,
				97AA10A021F4A0FD00357553 /* team2zUITests */,
				97AA107F21F4A0F800357553 /* Products */,
				97AA10B121F4D21600357553 /* Frameworks */,
				29DDED71D7AB7425B7DD0B2E /* Pods */,
			);
			sourceTree = "<group>";
		};
		97AA107F21F4A0F800357553 /* Products */ = {
			isa = PBXGroup;
			children = (
				97AA107E21F4A0F800357553 /* team2z.app */,
				97AA109221F4A0FD00357553 /* team2zTests.xctest */,
				97AA109D21F4A0FD00357553 /* team2zUITests.xctest */,
			);
			name = Products;
			sourceTree = "<group>";
		};
		97AA108021F4A0F900357553 /* team2z */ = {
			isa = PBXGroup;
			children = (
				C5FFFC5D222A52E400852572 /* model */,
				C514F037222A3806009876D6 /* login */,
				C5ECA4A2221EC39700BFFBD7 /* home */,
				C5ECA48D221DB33C00BFFBD7 /* review */,
				C5ECA488221D91FB00BFFBD7 /* dummy */,
				C5ECA46D221C07F400BFFBD7 /* store */,
				C5ECA456221B113200BFFBD7 /* common */,
				C5ECA453221B060400BFFBD7 /* util */,
				B8E11A46221BE056007FBD5E /* newFeed */,
				C5945A74221835120095FAB4 /* mypage */,
				C5945A72221821DF0095FAB4 /* Assets.xcassets */,
				97AA108121F4A0F900357553 /* AppDelegate.swift */,
				97E437AE2216C1F40063419A /* BaseViewController.swift */,
				97E437B22217C7C90063419A /* BaseTabBarController.swift */,
				97AA108A21F4A0FD00357553 /* LaunchScreen.storyboard */,
				B80CA2A92225C502000B8F49 /* WriteReviewStoryboard.storyboard */,
				C514F03322232E6C009876D6 /* Popup.storyboard */,
				C514F0122220501E009876D6 /* ScrollSegmented.storyboard */,
				C5FFFC62222ABC9600852572 /* GoogleService-Info.plist */,
				97AA108D21F4A0FD00357553 /* Info.plist */,
				C514F01422206273009876D6 /* SegmentedScroll.storyboard */,
				97E437A82216B67F0063419A /* TestOneViewController.swift */,
				97E437AA2216B68C0063419A /* TestTwoViewController.swift */,
				97E437AC2216B6950063419A /* TestThreeViewController.swift */,
				97E437B02217255B0063419A /* TestViewController.swift */,
				97E437B42217CAE30063419A /* HomeViewController.swift */,
				C514F01922209037009876D6 /* DiscoveryViewController.swift */,
				C514F01A22209037009876D6 /* DiscoveryViewController.xib */,
				97E437BE2217CB9E0063419A /* MapViewController.swift */,
				97E437BC2217CB200063419A /* MyPageViewController.swift */,
				97E437C22217E00E0063419A /* AddViewController.swift */,
				B8E11A42221819F2007FBD5E /* NewFeedGoViewController.swift */,
			);
			path = team2z;
			sourceTree = "<group>";
		};
		97AA109521F4A0FD00357553 /* team2zTests */ = {
			isa = PBXGroup;
			children = (
				97AA109621F4A0FD00357553 /* team2zTests.swift */,
				97AA109821F4A0FD00357553 /* Info.plist */,
			);
			path = team2zTests;
			sourceTree = "<group>";
		};
		97AA10A021F4A0FD00357553 /* team2zUITests */ = {
			isa = PBXGroup;
			children = (
				97AA10A121F4A0FD00357553 /* team2zUITests.swift */,
				97AA10A321F4A0FD00357553 /* Info.plist */,
			);
			path = team2zUITests;
			sourceTree = "<group>";
		};
		97AA10B121F4D21600357553 /* Frameworks */ = {
			isa = PBXGroup;
			children = (
				97AA10B221F4D21600357553 /* SnapKit.framework */,
				A90DE216234C44BC4B6D73E6 /* Pods_team2z.framework */,
				84D94A64219EBE7665305B0C /* Pods_team2zTests.framework */,
				DF3E6B8BB15948E54AB8058D /* Pods_team2zUITests.framework */,
			);
			name = Frameworks;
			sourceTree = "<group>";
		};
		B8E11A46221BE056007FBD5E /* newFeed */ = {
			isa = PBXGroup;
			children = (
				B8E11A44221A9668007FBD5E /* SearchStoreTableViewCell.swift */,
				97E437BA2217CB170063419A /* NewFeedViewController.swift */,
				B8E11A47221BE189007FBD5E /* StoreGradeViewController.swift */,
				B8E11A49221BE8E3007FBD5E /* ResultStoreTableViewCell.swift */,
				B80CA2AF22265068000B8F49 /* WriteReview_1.swift */,
				B80CA2B122265074000B8F49 /* WriteReview_1.xib */,
				B80CA2B322265622000B8F49 /* WriteReview_2.swift */,
				B80CA2B522265630000B8F49 /* WriteReview_2.xib */,
				B80CA2B722266D75000B8F49 /* WriteReview_3.swift */,
				B80CA2B922266D86000B8F49 /* WriteReview_3.xib */,
			);
			path = newFeed;
			sourceTree = "<group>";
		};
		C514F00A22201C6D009876D6 /* search */ = {
			isa = PBXGroup;
			children = (
				C514F00B22201CD5009876D6 /* result */,
				C514EFFE221F18D7009876D6 /* SearchViewController.swift */,
				C514EFFF221F18D7009876D6 /* SearchViewController.xib */,
				C514F002221F2D74009876D6 /* MainView.swift */,
				C514F004221F2EF1009876D6 /* MainViewController.swift */,
				C514F006221FCCA3009876D6 /* SearchTableViewCell.swift */,
				C514F007221FCCA3009876D6 /* SearchTableViewCell.xib */,
			);
			path = search;
			sourceTree = "<group>";
		};
		C514F00B22201CD5009876D6 /* result */ = {
			isa = PBXGroup;
			children = (
				C514F00C22201CEB009876D6 /* SearchResultViewController.swift */,
				C514F00D22201CEB009876D6 /* SearchResultViewController.xib */,
				C514F01022204FD0009876D6 /* ResultSearchViewController.swift */,
			);
			path = result;
			sourceTree = "<group>";
		};
		C514F01622208C03009876D6 /* segment */ = {
			isa = PBXGroup;
			children = (
				C514F01722208C39009876D6 /* MySegmentControl.swift */,
			);
			path = segment;
			sourceTree = "<group>";
		};
		C514F01D2220E85F009876D6 /* recommend */ = {
			isa = PBXGroup;
			children = (
				C514F01E2220E8A6009876D6 /* RecommendDHViewController.swift */,
				C514F01F2220E8A6009876D6 /* RecommendDHViewController.xib */,
			);
			path = recommend;
			sourceTree = "<group>";
		};
		C514F02E222324C8009876D6 /* follow_user */ = {
			isa = PBXGroup;
			children = (
				C514F02F222324E7009876D6 /* FollowViewController.swift */,
				C514F030222324E7009876D6 /* FollowViewController.xib */,
			);
			path = follow_user;
			sourceTree = "<group>";
		};
		C514F037222A3806009876D6 /* login */ = {
			isa = PBXGroup;
			children = (
				C514F038222A3823009876D6 /* LoginViewController.swift */,
				C514F03A222A38A3009876D6 /* LoginStoryboard.storyboard */,
			);
			path = login;
			sourceTree = "<group>";
		};
		C5945A74221835120095FAB4 /* mypage */ = {
			isa = PBXGroup;
			children = (
				C514F02E222324C8009876D6 /* follow_user */,
				C5ECA47B221D205A00BFFBD7 /* profile_modify */,
				C5ECA452221ACF7700BFFBD7 /* setup */,
				C5945A6A2217F78A0095FAB4 /* MyTableViewCell.swift */,
				C5945A6B2217F78A0095FAB4 /* MyTableViewCell.xib */,
				C5945A6E2218175D0095FAB4 /* MypageDefaultTableViewCell.swift */,
				C5945A6F2218175D0095FAB4 /* MypageDefaultTableViewCell.xib */,
				C5945A75221835370095FAB4 /* GradeViewController.swift */,
				C5945A76221835370095FAB4 /* GradeViewController.xib */,
				C5ECA446221898CC00BFFBD7 /* TableViewCell.swift */,
				C5ECA447221898CC00BFFBD7 /* TableViewCell.xib */,
				C5ECA44E221AA3FB00BFFBD7 /* SetupViewController.swift */,
				C5ECA44F221AA3FB00BFFBD7 /* SetupViewController.xib */,
				C5ECA461221B1A9500BFFBD7 /* MypageCommonViewController.swift */,
				C5ECA462221B1A9500BFFBD7 /* MypageCommonViewController.xib */,
			);
			path = mypage;
			sourceTree = "<group>";
		};
		C5ECA452221ACF7700BFFBD7 /* setup */ = {
			isa = PBXGroup;
			children = (
			);
			path = setup;
			sourceTree = "<group>";
		};
		C5ECA453221B060400BFFBD7 /* util */ = {
			isa = PBXGroup;
			children = (
				C5ECA454221B063400BFFBD7 /* CustomBackButtonMaker.swift */,
				C5ECA45F221B168900BFFBD7 /* CosmosDistrib.swift */,
			);
			path = util;
			sourceTree = "<group>";
		};
		C5ECA456221B113200BFFBD7 /* common */ = {
			isa = PBXGroup;
			children = (
				C514F01622208C03009876D6 /* segment */,
				C5ECA465221BEC4600BFFBD7 /* CustomStoreUIView.swift */,
				C5ECA467221BED8900BFFBD7 /* CustomStoreUIView.xib */,
				C5ECA469221BF5E700BFFBD7 /* StoreCommonTableViewCell.swift */,
				C5ECA46A221BF5E700BFFBD7 /* StoreCommonTableViewCell.xib */,
				C5ECA476221C869000BFFBD7 /* UserFollowTableViewCell.swift */,
				C5ECA477221C869000BFFBD7 /* UserFollowTableViewCell.xib */,
			);
			path = common;
			sourceTree = "<group>";
		};
		C5ECA46D221C07F400BFFBD7 /* store */ = {
			isa = PBXGroup;
			children = (
				C5ECA46E221C0E9800BFFBD7 /* StoreDetailViewController.swift */,
				C5ECA46F221C0E9800BFFBD7 /* StoreDetailViewController.xib */,
			);
			path = store;
			sourceTree = "<group>";
		};
		C5ECA47B221D205A00BFFBD7 /* profile_modify */ = {
			isa = PBXGroup;
			children = (
				C5ECA47C221D223B00BFFBD7 /* ProfileModifyViewController.swift */,
				C5ECA47D221D223B00BFFBD7 /* ProfileModifyViewController.xib */,
				C5ECA480221D30AB00BFFBD7 /* ProfileInfoTableViewCell.swift */,
				C5ECA481221D30AB00BFFBD7 /* ProfileInfoTableViewCell.xib */,
				C5ECA484221D46F800BFFBD7 /* IntroductionViewController.swift */,
				C5ECA485221D46F800BFFBD7 /* IntroductionViewController.xib */,
			);
			path = profile_modify;
			sourceTree = "<group>";
		};
		C5ECA488221D91FB00BFFBD7 /* dummy */ = {
			isa = PBXGroup;
			children = (
				C5ECA489221D923500BFFBD7 /* DummyViewController.swift */,
				C5ECA48A221D923500BFFBD7 /* DummyViewController.xib */,
				C514F03522232F1C009876D6 /* PopupViewController.swift */,
			);
			path = dummy;
			sourceTree = "<group>";
		};
		C5ECA48D221DB33C00BFFBD7 /* review */ = {
			isa = PBXGroup;
			children = (
				C5ECA48E221DB52300BFFBD7 /* ReviewUserInfoView.swift */,
				C5ECA496221DC51800BFFBD7 /* ReviewRatingView.swift */,
				C5ECA498221DC60F00BFFBD7 /* ReviewStoreInfoView.swift */,
				C5ECA49A221DC68D00BFFBD7 /* ReviewMoreView.swift */,
				C5ECA49C221DC6C100BFFBD7 /* ReviewLikeView.swift */,
				C5ECA492221DBAB200BFFBD7 /* ReviewTableViewCell.swift */,
				C5ECA493221DBAB200BFFBD7 /* ReviewTableViewCell.xib */,
				C5ECA49E221EB54300BFFBD7 /* ImageTouchViewController.swift */,
				C5ECA49F221EB54300BFFBD7 /* ImageTouchViewController.xib */,
			);
			path = review;
			sourceTree = "<group>";
		};
		C5ECA4A2221EC39700BFFBD7 /* home */ = {
			isa = PBXGroup;
			children = (
				C514F01D2220E85F009876D6 /* recommend */,
				C514F00A22201C6D009876D6 /* search */,
				C514EFFA221F03FC009876D6 /* NewUserHomeView.swift */,
				C514EFFC221F0418009876D6 /* NewUserHomeView.xib */,
			);
			path = home;
			sourceTree = "<group>";
		};
		C5FFFC5D222A52E400852572 /* model */ = {
			isa = PBXGroup;
			children = (
				C5FFFC5E222A531300852572 /* Store.swift */,
				C5FFFC60222A55F100852572 /* User.swift */,
			);
			path = model;
			sourceTree = "<group>";
		};
/* End PBXGroup section */

/* Begin PBXNativeTarget section */
		97AA107D21F4A0F800357553 /* team2z */ = {
			isa = PBXNativeTarget;
			buildConfigurationList = 97AA10A621F4A0FD00357553 /* Build configuration list for PBXNativeTarget "team2z" */;
			buildPhases = (
				A8C27FA5666C5FBAE8E4DDCC /* [CP] Check Pods Manifest.lock */,
				97AA107A21F4A0F800357553 /* Sources */,
				97AA107B21F4A0F800357553 /* Frameworks */,
				97AA107C21F4A0F800357553 /* Resources */,
				97AA10B421F4D25000357553 /* ShellScript */,
				FFF69DEB6121E1D32030B7AC /* [CP] Embed Pods Frameworks */,
				1B693D7328A7544BBB62B959 /* [CP] Copy Pods Resources */,
			);
			buildRules = (
			);
			dependencies = (
			);
			name = team2z;
			productName = team2z;
			productReference = 97AA107E21F4A0F800357553 /* team2z.app */;
			productType = "com.apple.product-type.application";
		};
		97AA109121F4A0FD00357553 /* team2zTests */ = {
			isa = PBXNativeTarget;
			buildConfigurationList = 97AA10A921F4A0FD00357553 /* Build configuration list for PBXNativeTarget "team2zTests" */;
			buildPhases = (
				651EDE046EE7A9B7962076E3 /* [CP] Check Pods Manifest.lock */,
				97AA108E21F4A0FD00357553 /* Sources */,
				97AA108F21F4A0FD00357553 /* Frameworks */,
				97AA109021F4A0FD00357553 /* Resources */,
			);
			buildRules = (
			);
			dependencies = (
				97AA109421F4A0FD00357553 /* PBXTargetDependency */,
			);
			name = team2zTests;
			productName = team2zTests;
			productReference = 97AA109221F4A0FD00357553 /* team2zTests.xctest */;
			productType = "com.apple.product-type.bundle.unit-test";
		};
		97AA109C21F4A0FD00357553 /* team2zUITests */ = {
			isa = PBXNativeTarget;
			buildConfigurationList = 97AA10AC21F4A0FD00357553 /* Build configuration list for PBXNativeTarget "team2zUITests" */;
			buildPhases = (
				ADA1872136F07BEA1CA1B435 /* [CP] Check Pods Manifest.lock */,
				97AA109921F4A0FD00357553 /* Sources */,
				97AA109A21F4A0FD00357553 /* Frameworks */,
				97AA109B21F4A0FD00357553 /* Resources */,
			);
			buildRules = (
			);
			dependencies = (
				97AA109F21F4A0FD00357553 /* PBXTargetDependency */,
			);
			name = team2zUITests;
			productName = team2zUITests;
			productReference = 97AA109D21F4A0FD00357553 /* team2zUITests.xctest */;
			productType = "com.apple.product-type.bundle.ui-testing";
		};
/* End PBXNativeTarget section */

/* Begin PBXProject section */
		97AA107621F4A0F800357553 /* Project object */ = {
			isa = PBXProject;
			attributes = {
				LastSwiftUpdateCheck = 1010;
				LastUpgradeCheck = 1010;
				ORGANIZATIONNAME = TeamNexters;
				TargetAttributes = {
					97AA107D21F4A0F800357553 = {
						CreatedOnToolsVersion = 10.1;
					};
					97AA109121F4A0FD00357553 = {
						CreatedOnToolsVersion = 10.1;
						TestTargetID = 97AA107D21F4A0F800357553;
					};
					97AA109C21F4A0FD00357553 = {
						CreatedOnToolsVersion = 10.1;
						TestTargetID = 97AA107D21F4A0F800357553;
					};
				};
			};
			buildConfigurationList = 97AA107921F4A0F800357553 /* Build configuration list for PBXProject "team2z" */;
			compatibilityVersion = "Xcode 9.3";
			developmentRegion = en;
			hasScannedForEncodings = 0;
			knownRegions = (
				en,
				Base,
			);
			mainGroup = 97AA107521F4A0F800357553;
			productRefGroup = 97AA107F21F4A0F800357553 /* Products */;
			projectDirPath = "";
			projectRoot = "";
			targets = (
				97AA107D21F4A0F800357553 /* team2z */,
				97AA109121F4A0FD00357553 /* team2zTests */,
				97AA109C21F4A0FD00357553 /* team2zUITests */,
			);
		};
/* End PBXProject section */

/* Begin PBXResourcesBuildPhase section */
		97AA107C21F4A0F800357553 /* Resources */ = {
			isa = PBXResourcesBuildPhase;
			buildActionMask = 2147483647;
			files = (
				C5ECA487221D46F800BFFBD7 /* IntroductionViewController.xib in Resources */,
				C5ECA47F221D223B00BFFBD7 /* ProfileModifyViewController.xib in Resources */,
				C5ECA451221AA3FB00BFFBD7 /* SetupViewController.xib in Resources */,
				B80CA2B222265074000B8F49 /* WriteReview_1.xib in Resources */,
				97AA108C21F4A0FD00357553 /* LaunchScreen.storyboard in Resources */,
				C514F0212220E8A6009876D6 /* RecommendDHViewController.xib in Resources */,
				B80CA2B622265630000B8F49 /* WriteReview_2.xib in Resources */,
				C5ECA471221C0E9800BFFBD7 /* StoreDetailViewController.xib in Resources */,
				C514F009221FCCA3009876D6 /* SearchTableViewCell.xib in Resources */,
				B80CA2BA22266D86000B8F49 /* WriteReview_3.xib in Resources */,
				C5ECA46C221BF5E700BFFBD7 /* StoreCommonTableViewCell.xib in Resources */,
				C514F01522206273009876D6 /* SegmentedScroll.storyboard in Resources */,
				C514F01C22209037009876D6 /* DiscoveryViewController.xib in Resources */,
				C514F0132220501E009876D6 /* ScrollSegmented.storyboard in Resources */,
				C5ECA479221C869000BFFBD7 /* UserFollowTableViewCell.xib in Resources */,
				C5945A6D2217F78A0095FAB4 /* MyTableViewCell.xib in Resources */,
				C5945A78221835370095FAB4 /* GradeViewController.xib in Resources */,
				C5ECA495221DBAB200BFFBD7 /* ReviewTableViewCell.xib in Resources */,
				C5ECA483221D30AB00BFFBD7 /* ProfileInfoTableViewCell.xib in Resources */,
				C514F03422232E6C009876D6 /* Popup.storyboard in Resources */,
				C5945A712218175D0095FAB4 /* MypageDefaultTableViewCell.xib in Resources */,
				C5ECA449221898CC00BFFBD7 /* TableViewCell.xib in Resources */,
				C5ECA468221BED8900BFFBD7 /* CustomStoreUIView.xib in Resources */,
				C5ECA4A1221EB54300BFFBD7 /* ImageTouchViewController.xib in Resources */,
				97AA10B021F4CBC400357553 /* Carthage in Resources */,
				C5ECA48C221D923500BFFBD7 /* DummyViewController.xib in Resources */,
				C5ECA464221B1A9500BFFBD7 /* MypageCommonViewController.xib in Resources */,
				C5FFFC63222ABC9600852572 /* GoogleService-Info.plist in Resources */,
				C514F00F22201CEB009876D6 /* SearchResultViewController.xib in Resources */,
				C514F032222324E7009876D6 /* FollowViewController.xib in Resources */,
				C5945A73221821DF0095FAB4 /* Assets.xcassets in Resources */,
				B80CA2AA2225C502000B8F49 /* WriteReviewStoryboard.storyboard in Resources */,
				C514EFFD221F0418009876D6 /* NewUserHomeView.xib in Resources */,
				C514F001221F18D7009876D6 /* SearchViewController.xib in Resources */,
				C514F03B222A38A3009876D6 /* LoginStoryboard.storyboard in Resources */,
			);
			runOnlyForDeploymentPostprocessing = 0;
		};
		97AA109021F4A0FD00357553 /* Resources */ = {
			isa = PBXResourcesBuildPhase;
			buildActionMask = 2147483647;
			files = (
			);
			runOnlyForDeploymentPostprocessing = 0;
		};
		97AA109B21F4A0FD00357553 /* Resources */ = {
			isa = PBXResourcesBuildPhase;
			buildActionMask = 2147483647;
			files = (
			);
			runOnlyForDeploymentPostprocessing = 0;
		};
/* End PBXResourcesBuildPhase section */

/* Begin PBXShellScriptBuildPhase section */
		1B693D7328A7544BBB62B959 /* [CP] Copy Pods Resources */ = {
			isa = PBXShellScriptBuildPhase;
			buildActionMask = 2147483647;
			files = (
			);
			inputFileListPaths = (
			);
			inputPaths = (
				"${SRCROOT}/Pods/Target Support Files/Pods-team2z/Pods-team2z-resources.sh",
				"${PODS_ROOT}/GoogleSignIn/Resources/GoogleSignIn.bundle",
			);
			name = "[CP] Copy Pods Resources";
			outputFileListPaths = (
			);
			outputPaths = (
				"${TARGET_BUILD_DIR}/${UNLOCALIZED_RESOURCES_FOLDER_PATH}/GoogleSignIn.bundle",
			);
			runOnlyForDeploymentPostprocessing = 0;
			shellPath = /bin/sh;
			shellScript = "\"${SRCROOT}/Pods/Target Support Files/Pods-team2z/Pods-team2z-resources.sh\"\n";
			showEnvVarsInLog = 0;
		};
		651EDE046EE7A9B7962076E3 /* [CP] Check Pods Manifest.lock */ = {
			isa = PBXShellScriptBuildPhase;
			buildActionMask = 2147483647;
			files = (
			);
			inputFileListPaths = (
			);
			inputPaths = (
				"${PODS_PODFILE_DIR_PATH}/Podfile.lock",
				"${PODS_ROOT}/Manifest.lock",
			);
			name = "[CP] Check Pods Manifest.lock";
			outputFileListPaths = (
			);
			outputPaths = (
				"$(DERIVED_FILE_DIR)/Pods-team2zTests-checkManifestLockResult.txt",
			);
			runOnlyForDeploymentPostprocessing = 0;
			shellPath = /bin/sh;
			shellScript = "diff \"${PODS_PODFILE_DIR_PATH}/Podfile.lock\" \"${PODS_ROOT}/Manifest.lock\" > /dev/null\nif [ $? != 0 ] ; then\n    # print error to STDERR\n    echo \"error: The sandbox is not in sync with the Podfile.lock. Run 'pod install' or update your CocoaPods installation.\" >&2\n    exit 1\nfi\n# This output is used by Xcode 'outputs' to avoid re-running this script phase.\necho \"SUCCESS\" > \"${SCRIPT_OUTPUT_FILE_0}\"\n";
			showEnvVarsInLog = 0;
		};
		97AA10B421F4D25000357553 /* ShellScript */ = {
			isa = PBXShellScriptBuildPhase;
			buildActionMask = 2147483647;
			files = (
			);
			inputFileListPaths = (
			);
			inputPaths = (
				"$(SRCROOT)/Carthage/Build/iOS/SnapKit.framework",
			);
			outputFileListPaths = (
			);
			outputPaths = (
			);
			runOnlyForDeploymentPostprocessing = 0;
			shellPath = /bin/sh;
			shellScript = "/usr/local/bin/carthage copy-frameworks\n";
		};
		A8C27FA5666C5FBAE8E4DDCC /* [CP] Check Pods Manifest.lock */ = {
			isa = PBXShellScriptBuildPhase;
			buildActionMask = 2147483647;
			files = (
			);
			inputFileListPaths = (
			);
			inputPaths = (
				"${PODS_PODFILE_DIR_PATH}/Podfile.lock",
				"${PODS_ROOT}/Manifest.lock",
			);
			name = "[CP] Check Pods Manifest.lock";
			outputFileListPaths = (
			);
			outputPaths = (
				"$(DERIVED_FILE_DIR)/Pods-team2z-checkManifestLockResult.txt",
			);
			runOnlyForDeploymentPostprocessing = 0;
			shellPath = /bin/sh;
			shellScript = "diff \"${PODS_PODFILE_DIR_PATH}/Podfile.lock\" \"${PODS_ROOT}/Manifest.lock\" > /dev/null\nif [ $? != 0 ] ; then\n    # print error to STDERR\n    echo \"error: The sandbox is not in sync with the Podfile.lock. Run 'pod install' or update your CocoaPods installation.\" >&2\n    exit 1\nfi\n# This output is used by Xcode 'outputs' to avoid re-running this script phase.\necho \"SUCCESS\" > \"${SCRIPT_OUTPUT_FILE_0}\"\n";
			showEnvVarsInLog = 0;
		};
		ADA1872136F07BEA1CA1B435 /* [CP] Check Pods Manifest.lock */ = {
			isa = PBXShellScriptBuildPhase;
			buildActionMask = 2147483647;
			files = (
			);
			inputFileListPaths = (
			);
			inputPaths = (
				"${PODS_PODFILE_DIR_PATH}/Podfile.lock",
				"${PODS_ROOT}/Manifest.lock",
			);
			name = "[CP] Check Pods Manifest.lock";
			outputFileListPaths = (
			);
			outputPaths = (
				"$(DERIVED_FILE_DIR)/Pods-team2zUITests-checkManifestLockResult.txt",
			);
			runOnlyForDeploymentPostprocessing = 0;
			shellPath = /bin/sh;
			shellScript = "diff \"${PODS_PODFILE_DIR_PATH}/Podfile.lock\" \"${PODS_ROOT}/Manifest.lock\" > /dev/null\nif [ $? != 0 ] ; then\n    # print error to STDERR\n    echo \"error: The sandbox is not in sync with the Podfile.lock. Run 'pod install' or update your CocoaPods installation.\" >&2\n    exit 1\nfi\n# This output is used by Xcode 'outputs' to avoid re-running this script phase.\necho \"SUCCESS\" > \"${SCRIPT_OUTPUT_FILE_0}\"\n";
			showEnvVarsInLog = 0;
		};
		FFF69DEB6121E1D32030B7AC /* [CP] Embed Pods Frameworks */ = {
			isa = PBXShellScriptBuildPhase;
			buildActionMask = 2147483647;
			files = (
			);
			inputFileListPaths = (
			);
			inputPaths = (
				"${SRCROOT}/Pods/Target Support Files/Pods-team2z/Pods-team2z-frameworks.sh",
				"${BUILT_PRODUCTS_DIR}/Alamofire/Alamofire.framework",
				"${BUILT_PRODUCTS_DIR}/DropDown/DropDown.framework",
				"${BUILT_PRODUCTS_DIR}/Floaty/Floaty.framework",
				"${BUILT_PRODUCTS_DIR}/GTMSessionFetcher/GTMSessionFetcher.framework",
				"${BUILT_PRODUCTS_DIR}/GoogleToolboxForMac/GoogleToolboxForMac.framework",
				"${BUILT_PRODUCTS_DIR}/IQKeyboardManagerSwift/IQKeyboardManagerSwift.framework",
				"${BUILT_PRODUCTS_DIR}/SMSegmentView/SMSegmentView.framework",
				"${BUILT_PRODUCTS_DIR}/UITextView+Placeholder/UITextView_Placeholder.framework",
			);
			name = "[CP] Embed Pods Frameworks";
			outputFileListPaths = (
			);
			outputPaths = (
				"${TARGET_BUILD_DIR}/${FRAMEWORKS_FOLDER_PATH}/Alamofire.framework",
				"${TARGET_BUILD_DIR}/${FRAMEWORKS_FOLDER_PATH}/DropDown.framework",
				"${TARGET_BUILD_DIR}/${FRAMEWORKS_FOLDER_PATH}/Floaty.framework",
				"${TARGET_BUILD_DIR}/${FRAMEWORKS_FOLDER_PATH}/GTMSessionFetcher.framework",
				"${TARGET_BUILD_DIR}/${FRAMEWORKS_FOLDER_PATH}/GoogleToolboxForMac.framework",
				"${TARGET_BUILD_DIR}/${FRAMEWORKS_FOLDER_PATH}/IQKeyboardManagerSwift.framework",
				"${TARGET_BUILD_DIR}/${FRAMEWORKS_FOLDER_PATH}/SMSegmentView.framework",
				"${TARGET_BUILD_DIR}/${FRAMEWORKS_FOLDER_PATH}/UITextView_Placeholder.framework",
			);
			runOnlyForDeploymentPostprocessing = 0;
			shellPath = /bin/sh;
			shellScript = "\"${SRCROOT}/Pods/Target Support Files/Pods-team2z/Pods-team2z-frameworks.sh\"\n";
			showEnvVarsInLog = 0;
		};
/* End PBXShellScriptBuildPhase section */

/* Begin PBXSourcesBuildPhase section */
		97AA107A21F4A0F800357553 /* Sources */ = {
			isa = PBXSourcesBuildPhase;
			buildActionMask = 2147483647;
			files = (
				C514F03622232F1C009876D6 /* PopupViewController.swift in Sources */,
				97E437B32217C7C90063419A /* BaseTabBarController.swift in Sources */,
				C5ECA47E221D223B00BFFBD7 /* ProfileModifyViewController.swift in Sources */,
				C5945A702218175D0095FAB4 /* MypageDefaultTableViewCell.swift in Sources */,
				C514F031222324E7009876D6 /* FollowViewController.swift in Sources */,
				97E437B12217255B0063419A /* TestViewController.swift in Sources */,
				B80CA2B022265068000B8F49 /* WriteReview_1.swift in Sources */,
				97E437A92216B67F0063419A /* TestOneViewController.swift in Sources */,
				B8E11A48221BE189007FBD5E /* StoreGradeViewController.swift in Sources */,
				C5ECA448221898CC00BFFBD7 /* TableViewCell.swift in Sources */,
				97AA108221F4A0F900357553 /* AppDelegate.swift in Sources */,
				C5ECA49D221DC6C100BFFBD7 /* ReviewLikeView.swift in Sources */,
				C5ECA455221B063400BFFBD7 /* CustomBackButtonMaker.swift in Sources */,
				97E437B52217CAE30063419A /* HomeViewController.swift in Sources */,
				C5945A77221835370095FAB4 /* GradeViewController.swift in Sources */,
				C514F0202220E8A6009876D6 /* RecommendDHViewController.swift in Sources */,
				97E437BF2217CB9E0063419A /* MapViewController.swift in Sources */,
				97E437AB2216B68C0063419A /* TestTwoViewController.swift in Sources */,
				C514F000221F18D7009876D6 /* SearchViewController.swift in Sources */,
				C5945A6C2217F78A0095FAB4 /* MyTableViewCell.swift in Sources */,
				97E437BD2217CB200063419A /* MyPageViewController.swift in Sources */,
				C5ECA478221C869000BFFBD7 /* UserFollowTableViewCell.swift in Sources */,
				C514F01822208C39009876D6 /* MySegmentControl.swift in Sources */,
				C5ECA460221B168900BFFBD7 /* CosmosDistrib.swift in Sources */,
				C514F01122204FD0009876D6 /* ResultSearchViewController.swift in Sources */,
				C5ECA470221C0E9800BFFBD7 /* StoreDetailViewController.swift in Sources */,
				B8E11A45221A9668007FBD5E /* SearchStoreTableViewCell.swift in Sources */,
				B8E11A4A221BE8E3007FBD5E /* ResultStoreTableViewCell.swift in Sources */,
				97E437AD2216B6950063419A /* TestThreeViewController.swift in Sources */,
				C514F005221F2EF1009876D6 /* MainViewController.swift in Sources */,
				C5ECA486221D46F800BFFBD7 /* IntroductionViewController.swift in Sources */,
				C5ECA48F221DB52300BFFBD7 /* ReviewUserInfoView.swift in Sources */,
				97E437BB2217CB170063419A /* NewFeedViewController.swift in Sources */,
				C5ECA494221DBAB200BFFBD7 /* ReviewTableViewCell.swift in Sources */,
				C514F01B22209037009876D6 /* DiscoveryViewController.swift in Sources */,
				C5FFFC5F222A531300852572 /* Store.swift in Sources */,
				C5ECA450221AA3FB00BFFBD7 /* SetupViewController.swift in Sources */,
				C514F003221F2D74009876D6 /* MainView.swift in Sources */,
				C514F008221FCCA3009876D6 /* SearchTableViewCell.swift in Sources */,
				97E437AF2216C1F40063419A /* BaseViewController.swift in Sources */,
				C5ECA482221D30AB00BFFBD7 /* ProfileInfoTableViewCell.swift in Sources */,
				C5ECA463221B1A9500BFFBD7 /* MypageCommonViewController.swift in Sources */,
				C5ECA499221DC60F00BFFBD7 /* ReviewStoreInfoView.swift in Sources */,
				C5ECA466221BEC4600BFFBD7 /* CustomStoreUIView.swift in Sources */,
				C514F039222A3823009876D6 /* LoginViewController.swift in Sources */,
				C5ECA48B221D923500BFFBD7 /* DummyViewController.swift in Sources */,
				C5ECA46B221BF5E700BFFBD7 /* StoreCommonTableViewCell.swift in Sources */,
				C514EFFB221F03FC009876D6 /* NewUserHomeView.swift in Sources */,
				B80CA2B822266D75000B8F49 /* WriteReview_3.swift in Sources */,
				C514F00E22201CEB009876D6 /* SearchResultViewController.swift in Sources */,
				C5ECA4A0221EB54300BFFBD7 /* ImageTouchViewController.swift in Sources */,
				97E437C32217E00E0063419A /* AddViewController.swift in Sources */,
				C5ECA497221DC51800BFFBD7 /* ReviewRatingView.swift in Sources */,
				C5ECA49B221DC68D00BFFBD7 /* ReviewMoreView.swift in Sources */,
				B80CA2B422265622000B8F49 /* WriteReview_2.swift in Sources */,
				B8E11A43221819F2007FBD5E /* NewFeedGoViewController.swift in Sources */,
				C5FFFC61222A55F100852572 /* User.swift in Sources */,
			);
			runOnlyForDeploymentPostprocessing = 0;
		};
		97AA108E21F4A0FD00357553 /* Sources */ = {
			isa = PBXSourcesBuildPhase;
			buildActionMask = 2147483647;
			files = (
				97AA109721F4A0FD00357553 /* team2zTests.swift in Sources */,
			);
			runOnlyForDeploymentPostprocessing = 0;
		};
		97AA109921F4A0FD00357553 /* Sources */ = {
			isa = PBXSourcesBuildPhase;
			buildActionMask = 2147483647;
			files = (
				97AA10A221F4A0FD00357553 /* team2zUITests.swift in Sources */,
			);
			runOnlyForDeploymentPostprocessing = 0;
		};
/* End PBXSourcesBuildPhase section */

/* Begin PBXTargetDependency section */
		97AA109421F4A0FD00357553 /* PBXTargetDependency */ = {
			isa = PBXTargetDependency;
			target = 97AA107D21F4A0F800357553 /* team2z */;
			targetProxy = 97AA109321F4A0FD00357553 /* PBXContainerItemProxy */;
		};
		97AA109F21F4A0FD00357553 /* PBXTargetDependency */ = {
			isa = PBXTargetDependency;
			target = 97AA107D21F4A0F800357553 /* team2z */;
			targetProxy = 97AA109E21F4A0FD00357553 /* PBXContainerItemProxy */;
		};
/* End PBXTargetDependency section */

/* Begin PBXVariantGroup section */
		97AA108A21F4A0FD00357553 /* LaunchScreen.storyboard */ = {
			isa = PBXVariantGroup;
			children = (
				97AA108B21F4A0FD00357553 /* Base */,
			);
			name = LaunchScreen.storyboard;
			sourceTree = "<group>";
		};
/* End PBXVariantGroup section */

/* Begin XCBuildConfiguration section */
		97AA10A421F4A0FD00357553 /* Debug */ = {
			isa = XCBuildConfiguration;
			buildSettings = {
				ALWAYS_SEARCH_USER_PATHS = NO;
				CLANG_ANALYZER_NONNULL = YES;
				CLANG_ANALYZER_NUMBER_OBJECT_CONVERSION = YES_AGGRESSIVE;
				CLANG_CXX_LANGUAGE_STANDARD = "gnu++14";
				CLANG_CXX_LIBRARY = "libc++";
				CLANG_ENABLE_MODULES = YES;
				CLANG_ENABLE_OBJC_ARC = YES;
				CLANG_ENABLE_OBJC_WEAK = YES;
				CLANG_WARN_BLOCK_CAPTURE_AUTORELEASING = YES;
				CLANG_WARN_BOOL_CONVERSION = YES;
				CLANG_WARN_COMMA = YES;
				CLANG_WARN_CONSTANT_CONVERSION = YES;
				CLANG_WARN_DEPRECATED_OBJC_IMPLEMENTATIONS = YES;
				CLANG_WARN_DIRECT_OBJC_ISA_USAGE = YES_ERROR;
				CLANG_WARN_DOCUMENTATION_COMMENTS = YES;
				CLANG_WARN_EMPTY_BODY = YES;
				CLANG_WARN_ENUM_CONVERSION = YES;
				CLANG_WARN_INFINITE_RECURSION = YES;
				CLANG_WARN_INT_CONVERSION = YES;
				CLANG_WARN_NON_LITERAL_NULL_CONVERSION = YES;
				CLANG_WARN_OBJC_IMPLICIT_RETAIN_SELF = YES;
				CLANG_WARN_OBJC_LITERAL_CONVERSION = YES;
				CLANG_WARN_OBJC_ROOT_CLASS = YES_ERROR;
				CLANG_WARN_RANGE_LOOP_ANALYSIS = YES;
				CLANG_WARN_STRICT_PROTOTYPES = YES;
				CLANG_WARN_SUSPICIOUS_MOVE = YES;
				CLANG_WARN_UNGUARDED_AVAILABILITY = YES_AGGRESSIVE;
				CLANG_WARN_UNREACHABLE_CODE = YES;
				CLANG_WARN__DUPLICATE_METHOD_MATCH = YES;
				CODE_SIGN_IDENTITY = "iPhone Developer";
				COPY_PHASE_STRIP = NO;
				DEBUG_INFORMATION_FORMAT = dwarf;
				ENABLE_STRICT_OBJC_MSGSEND = YES;
				ENABLE_TESTABILITY = YES;
				GCC_C_LANGUAGE_STANDARD = gnu11;
				GCC_DYNAMIC_NO_PIC = NO;
				GCC_NO_COMMON_BLOCKS = YES;
				GCC_OPTIMIZATION_LEVEL = 0;
				GCC_PREPROCESSOR_DEFINITIONS = (
					"DEBUG=1",
					"$(inherited)",
				);
				GCC_WARN_64_TO_32_BIT_CONVERSION = YES;
				GCC_WARN_ABOUT_RETURN_TYPE = YES_ERROR;
				GCC_WARN_UNDECLARED_SELECTOR = YES;
				GCC_WARN_UNINITIALIZED_AUTOS = YES_AGGRESSIVE;
				GCC_WARN_UNUSED_FUNCTION = YES;
				GCC_WARN_UNUSED_VARIABLE = YES;
				IPHONEOS_DEPLOYMENT_TARGET = 12.1;
				MTL_ENABLE_DEBUG_INFO = INCLUDE_SOURCE;
				MTL_FAST_MATH = YES;
				ONLY_ACTIVE_ARCH = YES;
				SDKROOT = iphoneos;
				SWIFT_ACTIVE_COMPILATION_CONDITIONS = DEBUG;
				SWIFT_OPTIMIZATION_LEVEL = "-Onone";
			};
			name = Debug;
		};
		97AA10A521F4A0FD00357553 /* Release */ = {
			isa = XCBuildConfiguration;
			buildSettings = {
				ALWAYS_SEARCH_USER_PATHS = NO;
				CLANG_ANALYZER_NONNULL = YES;
				CLANG_ANALYZER_NUMBER_OBJECT_CONVERSION = YES_AGGRESSIVE;
				CLANG_CXX_LANGUAGE_STANDARD = "gnu++14";
				CLANG_CXX_LIBRARY = "libc++";
				CLANG_ENABLE_MODULES = YES;
				CLANG_ENABLE_OBJC_ARC = YES;
				CLANG_ENABLE_OBJC_WEAK = YES;
				CLANG_WARN_BLOCK_CAPTURE_AUTORELEASING = YES;
				CLANG_WARN_BOOL_CONVERSION = YES;
				CLANG_WARN_COMMA = YES;
				CLANG_WARN_CONSTANT_CONVERSION = YES;
				CLANG_WARN_DEPRECATED_OBJC_IMPLEMENTATIONS = YES;
				CLANG_WARN_DIRECT_OBJC_ISA_USAGE = YES_ERROR;
				CLANG_WARN_DOCUMENTATION_COMMENTS = YES;
				CLANG_WARN_EMPTY_BODY = YES;
				CLANG_WARN_ENUM_CONVERSION = YES;
				CLANG_WARN_INFINITE_RECURSION = YES;
				CLANG_WARN_INT_CONVERSION = YES;
				CLANG_WARN_NON_LITERAL_NULL_CONVERSION = YES;
				CLANG_WARN_OBJC_IMPLICIT_RETAIN_SELF = YES;
				CLANG_WARN_OBJC_LITERAL_CONVERSION = YES;
				CLANG_WARN_OBJC_ROOT_CLASS = YES_ERROR;
				CLANG_WARN_RANGE_LOOP_ANALYSIS = YES;
				CLANG_WARN_STRICT_PROTOTYPES = YES;
				CLANG_WARN_SUSPICIOUS_MOVE = YES;
				CLANG_WARN_UNGUARDED_AVAILABILITY = YES_AGGRESSIVE;
				CLANG_WARN_UNREACHABLE_CODE = YES;
				CLANG_WARN__DUPLICATE_METHOD_MATCH = YES;
				CODE_SIGN_IDENTITY = "iPhone Developer";
				COPY_PHASE_STRIP = NO;
				DEBUG_INFORMATION_FORMAT = "dwarf-with-dsym";
				ENABLE_NS_ASSERTIONS = NO;
				ENABLE_STRICT_OBJC_MSGSEND = YES;
				GCC_C_LANGUAGE_STANDARD = gnu11;
				GCC_NO_COMMON_BLOCKS = YES;
				GCC_WARN_64_TO_32_BIT_CONVERSION = YES;
				GCC_WARN_ABOUT_RETURN_TYPE = YES_ERROR;
				GCC_WARN_UNDECLARED_SELECTOR = YES;
				GCC_WARN_UNINITIALIZED_AUTOS = YES_AGGRESSIVE;
				GCC_WARN_UNUSED_FUNCTION = YES;
				GCC_WARN_UNUSED_VARIABLE = YES;
				IPHONEOS_DEPLOYMENT_TARGET = 12.1;
				MTL_ENABLE_DEBUG_INFO = NO;
				MTL_FAST_MATH = YES;
				SDKROOT = iphoneos;
				SWIFT_COMPILATION_MODE = wholemodule;
				SWIFT_OPTIMIZATION_LEVEL = "-O";
				VALIDATE_PRODUCT = YES;
			};
			name = Release;
		};
		97AA10A721F4A0FD00357553 /* Debug */ = {
			isa = XCBuildConfiguration;
			baseConfigurationReference = 772D9DFFED27A35423D47113 /* Pods-team2z.debug.xcconfig */;
			buildSettings = {
				ASSETCATALOG_COMPILER_APPICON_NAME = AppIcon;
				CODE_SIGN_IDENTITY = "iPhone Developer";
				CODE_SIGN_STYLE = Automatic;
				DEVELOPMENT_TEAM = 3DPPXS9XMF;
				FRAMEWORK_SEARCH_PATHS = (
					"$(inherited)",
					"$(PROJECT_DIR)/Carthage/Build/iOS",
				);
				INFOPLIST_FILE = team2z/Info.plist;
				IPHONEOS_DEPLOYMENT_TARGET = 10.3;
				LD_RUNPATH_SEARCH_PATHS = (
					"$(inherited)",
					"@executable_path/Frameworks",
				);
				PRODUCT_BUNDLE_IDENTIFIER = com.nexters.team2z.ddbk;
				PRODUCT_NAME = "$(TARGET_NAME)";
				PROVISIONING_PROFILE_SPECIFIER = "";
				SWIFT_VERSION = 4.2;
				TARGETED_DEVICE_FAMILY = 1;
			};
			name = Debug;
		};
		97AA10A821F4A0FD00357553 /* Release */ = {
			isa = XCBuildConfiguration;
			baseConfigurationReference = 89EBBB3DDB1BD485E3AF6818 /* Pods-team2z.release.xcconfig */;
			buildSettings = {
				ASSETCATALOG_COMPILER_APPICON_NAME = AppIcon;
				CODE_SIGN_IDENTITY = "iPhone Developer";
				CODE_SIGN_STYLE = Automatic;
				DEVELOPMENT_TEAM = 3DPPXS9XMF;
				FRAMEWORK_SEARCH_PATHS = (
					"$(inherited)",
					"$(PROJECT_DIR)/Carthage/Build/iOS",
				);
				INFOPLIST_FILE = team2z/Info.plist;
				IPHONEOS_DEPLOYMENT_TARGET = 10.3;
				LD_RUNPATH_SEARCH_PATHS = (
					"$(inherited)",
					"@executable_path/Frameworks",
				);
				PRODUCT_BUNDLE_IDENTIFIER = com.nexters.team2z.ddbk;
				PRODUCT_NAME = "$(TARGET_NAME)";
				PROVISIONING_PROFILE_SPECIFIER = "";
				SWIFT_VERSION = 4.2;
				TARGETED_DEVICE_FAMILY = 1;
			};
			name = Release;
		};
		97AA10AA21F4A0FD00357553 /* Debug */ = {
			isa = XCBuildConfiguration;
			baseConfigurationReference = 719EA0CAB4D9B6A6A0106ED8 /* Pods-team2zTests.debug.xcconfig */;
			buildSettings = {
				ALWAYS_EMBED_SWIFT_STANDARD_LIBRARIES = YES;
				BUNDLE_LOADER = "$(TEST_HOST)";
				CODE_SIGN_STYLE = Automatic;
				INFOPLIST_FILE = team2zTests/Info.plist;
				LD_RUNPATH_SEARCH_PATHS = (
					"$(inherited)",
					"@executable_path/Frameworks",
					"@loader_path/Frameworks",
				);
				PRODUCT_BUNDLE_IDENTIFIER = com.nexters.team2zTests;
				PRODUCT_NAME = "$(TARGET_NAME)";
				SWIFT_VERSION = 4.2;
				TARGETED_DEVICE_FAMILY = "1,2";
				TEST_HOST = "$(BUILT_PRODUCTS_DIR)/team2z.app/team2z";
			};
			name = Debug;
		};
		97AA10AB21F4A0FD00357553 /* Release */ = {
			isa = XCBuildConfiguration;
			baseConfigurationReference = 3047B40FFE1854781CA6D28D /* Pods-team2zTests.release.xcconfig */;
			buildSettings = {
				ALWAYS_EMBED_SWIFT_STANDARD_LIBRARIES = YES;
				BUNDLE_LOADER = "$(TEST_HOST)";
				CODE_SIGN_STYLE = Automatic;
				INFOPLIST_FILE = team2zTests/Info.plist;
				LD_RUNPATH_SEARCH_PATHS = (
					"$(inherited)",
					"@executable_path/Frameworks",
					"@loader_path/Frameworks",
				);
				PRODUCT_BUNDLE_IDENTIFIER = com.nexters.team2zTests;
				PRODUCT_NAME = "$(TARGET_NAME)";
				SWIFT_VERSION = 4.2;
				TARGETED_DEVICE_FAMILY = "1,2";
				TEST_HOST = "$(BUILT_PRODUCTS_DIR)/team2z.app/team2z";
			};
			name = Release;
		};
		97AA10AD21F4A0FD00357553 /* Debug */ = {
			isa = XCBuildConfiguration;
			baseConfigurationReference = A5F23959D8E89D52535E34EB /* Pods-team2zUITests.debug.xcconfig */;
			buildSettings = {
				ALWAYS_EMBED_SWIFT_STANDARD_LIBRARIES = YES;
				CODE_SIGN_STYLE = Automatic;
				INFOPLIST_FILE = team2zUITests/Info.plist;
				LD_RUNPATH_SEARCH_PATHS = (
					"$(inherited)",
					"@executable_path/Frameworks",
					"@loader_path/Frameworks",
				);
				PRODUCT_BUNDLE_IDENTIFIER = com.nexters.team2zUITests;
				PRODUCT_NAME = "$(TARGET_NAME)";
				SWIFT_VERSION = 4.2;
				TARGETED_DEVICE_FAMILY = "1,2";
				TEST_TARGET_NAME = team2z;
			};
			name = Debug;
		};
		97AA10AE21F4A0FD00357553 /* Release */ = {
			isa = XCBuildConfiguration;
			baseConfigurationReference = 2210BD3D4BD262BA0F7D763B /* Pods-team2zUITests.release.xcconfig */;
			buildSettings = {
				ALWAYS_EMBED_SWIFT_STANDARD_LIBRARIES = YES;
				CODE_SIGN_STYLE = Automatic;
				INFOPLIST_FILE = team2zUITests/Info.plist;
				LD_RUNPATH_SEARCH_PATHS = (
					"$(inherited)",
					"@executable_path/Frameworks",
					"@loader_path/Frameworks",
				);
				PRODUCT_BUNDLE_IDENTIFIER = com.nexters.team2zUITests;
				PRODUCT_NAME = "$(TARGET_NAME)";
				SWIFT_VERSION = 4.2;
				TARGETED_DEVICE_FAMILY = "1,2";
				TEST_TARGET_NAME = team2z;
			};
			name = Release;
		};
/* End XCBuildConfiguration section */

/* Begin XCConfigurationList section */
		97AA107921F4A0F800357553 /* Build configuration list for PBXProject "team2z" */ = {
			isa = XCConfigurationList;
			buildConfigurations = (
				97AA10A421F4A0FD00357553 /* Debug */,
				97AA10A521F4A0FD00357553 /* Release */,
			);
			defaultConfigurationIsVisible = 0;
			defaultConfigurationName = Release;
		};
		97AA10A621F4A0FD00357553 /* Build configuration list for PBXNativeTarget "team2z" */ = {
			isa = XCConfigurationList;
			buildConfigurations = (
				97AA10A721F4A0FD00357553 /* Debug */,
				97AA10A821F4A0FD00357553 /* Release */,
			);
			defaultConfigurationIsVisible = 0;
			defaultConfigurationName = Release;
		};
		97AA10A921F4A0FD00357553 /* Build configuration list for PBXNativeTarget "team2zTests" */ = {
			isa = XCConfigurationList;
			buildConfigurations = (
				97AA10AA21F4A0FD00357553 /* Debug */,
				97AA10AB21F4A0FD00357553 /* Release */,
			);
			defaultConfigurationIsVisible = 0;
			defaultConfigurationName = Release;
		};
		97AA10AC21F4A0FD00357553 /* Build configuration list for PBXNativeTarget "team2zUITests" */ = {
			isa = XCConfigurationList;
			buildConfigurations = (
				97AA10AD21F4A0FD00357553 /* Debug */,
				97AA10AE21F4A0FD00357553 /* Release */,
			);
			defaultConfigurationIsVisible = 0;
			defaultConfigurationName = Release;
		};
/* End XCConfigurationList section */
	};
	rootObject = 97AA107621F4A0F800357553 /* Project object */;
}
